// !$*UTF8*$!
{
	archiveVersion = 1;
	classes = {
	};
	objectVersion = 56;
	objects = {

/* Begin PBXBuildFile section */
		CD4A9C252D59BF26000B46AB /* ARMAFilter.swift in Sources */ = {isa = PBXBuildFile; fileRef = CD4A9C0F2D59BF26000B46AB /* ARMAFilter.swift */; };
		CD4A9C262D59BF26000B46AB /* BeaconID.swift in Sources */ = {isa = PBXBuildFile; fileRef = CD4A9C102D59BF26000B46AB /* BeaconID.swift */; };
		CD4A9C272D59BF26000B46AB /* Hear2ThereSDK.h in Headers */ = {isa = PBXBuildFile; fileRef = CD4A9C112D59BF26000B46AB /* Hear2ThereSDK.h */; };
		CD4A9C282D59BF26000B46AB /* RSSIFilter.swift in Sources */ = {isa = PBXBuildFile; fileRef = CD4A9C152D59BF26000B46AB /* RSSIFilter.swift */; };
		CD4A9C292D59BF26000B46AB /* Util.swift in Sources */ = {isa = PBXBuildFile; fileRef = CD4A9C162D59BF26000B46AB /* Util.swift */; };
		CD4A9C2A2D59BF26000B46AB /* Beacon.swift in Sources */ = {isa = PBXBuildFile; fileRef = CD4A9C172D59BF26000B46AB /* Beacon.swift */; };
		CD4A9C2B2D59BF26000B46AB /* DispatchTimer.swift in Sources */ = {isa = PBXBuildFile; fileRef = CD4A9C182D59BF26000B46AB /* DispatchTimer.swift */; };
		CD4A9C2C2D59BF26000B46AB /* Eddystone.swift in Sources */ = {isa = PBXBuildFile; fileRef = CD4A9C192D59BF26000B46AB /* Eddystone.swift */; };
		CD4A9C2D2D59BF26000B46AB /* GaussianFilter.swift in Sources */ = {isa = PBXBuildFile; fileRef = CD4A9C1A2D59BF26000B46AB /* GaussianFilter.swift */; };
		CD4A9C2E2D59BF26000B46AB /* Constants.swift in Sources */ = {isa = PBXBuildFile; fileRef = CD4A9C1B2D59BF26000B46AB /* Constants.swift */; };
		CD4A9C2F2D59BF26000B46AB /* LighthouseRecord.swift in Sources */ = {isa = PBXBuildFile; fileRef = CD4A9C1C2D59BF26000B46AB /* LighthouseRecord.swift */; };
		CD4A9C302D59BF26000B46AB /* Scanner.swift in Sources */ = {isa = PBXBuildFile; fileRef = CD4A9C1D2D59BF26000B46AB /* Scanner.swift */; };
		CD4A9C312D59BF26000B46AB /* KalmanFilter.swift in Sources */ = {isa = PBXBuildFile; fileRef = CD4A9C1E2D59BF26000B46AB /* KalmanFilter.swift */; };
		CD4A9C322D59BF26000B46AB /* BeaconManager.swift in Sources */ = {isa = PBXBuildFile; fileRef = CD4A9C1F2D59BF26000B46AB /* BeaconManager.swift */; };
		CD4A9C332D59BF26000B46AB /* EddystoneScanner.h in Headers */ = {isa = PBXBuildFile; fileRef = CD4A9C202D59BF26000B46AB /* EddystoneScanner.h */; };
		CD4A9C342D59BF26000B46AB /* SafeSet.swift in Sources */ = {isa = PBXBuildFile; fileRef = CD4A9C212D59BF26000B46AB /* SafeSet.swift */; };
		CD4A9C352D59BF26000B46AB /* Hear2ThereAPIManager.swift in Sources */ = {isa = PBXBuildFile; fileRef = CD4A9C222D59BF26000B46AB /* Hear2ThereAPIManager.swift */; };
		CD4A9C362D59BF26000B46AB /* Telemetry.swift in Sources */ = {isa = PBXBuildFile; fileRef = CD4A9C232D59BF26000B46AB /* Telemetry.swift */; };
		CD4A9C372D59BF26000B46AB /* RunningAverageFilter.swift in Sources */ = {isa = PBXBuildFile; fileRef = CD4A9C242D59BF26000B46AB /* RunningAverageFilter.swift */; };
		CD7CF0C42CC0595A00107079 /* BeaconManager.swift in Sources */ = {isa = PBXBuildFile; fileRef = CD7CF0BF2CC0595A00107079 /* BeaconManager.swift */; };
		CD7CF0C52CC0595A00107079 /* ButtonRecord.swift in Sources */ = {isa = PBXBuildFile; fileRef = CD7CF0C02CC0595A00107079 /* ButtonRecord.swift */; };
		CD7CF0C62CC0595A00107079 /* LighthouseRecord.swift in Sources */ = {isa = PBXBuildFile; fileRef = CD7CF0C12CC0595A00107079 /* LighthouseRecord.swift */; };
		CD7CF0C72CC0595A00107079 /* Hear2ThereAPIManager.swift in Sources */ = {isa = PBXBuildFile; fileRef = CD7CF0C22CC0595A00107079 /* Hear2ThereAPIManager.swift */; };
		CD7CF0C82CC0595A00107079 /* EddystoneScanner.h in Headers */ = {isa = PBXBuildFile; fileRef = CD7CF0C32CC0595A00107079 /* EddystoneScanner.h */; };
/* End PBXBuildFile section */

/* Begin PBXFileReference section */
		CD4A9C0F2D59BF26000B46AB /* ARMAFilter.swift */ = {isa = PBXFileReference; fileEncoding = 4; lastKnownFileType = sourcecode.swift; path = ARMAFilter.swift; sourceTree = "<group>"; };
		CD4A9C102D59BF26000B46AB /* BeaconID.swift */ = {isa = PBXFileReference; fileEncoding = 4; lastKnownFileType = sourcecode.swift; path = BeaconID.swift; sourceTree = "<group>"; };
		CD4A9C112D59BF26000B46AB /* Hear2ThereSDK.h */ = {isa = PBXFileReference; fileEncoding = 4; lastKnownFileType = sourcecode.c.h; path = Hear2ThereSDK.h; sourceTree = "<group>"; };
		CD4A9C152D59BF26000B46AB /* RSSIFilter.swift */ = {isa = PBXFileReference; fileEncoding = 4; lastKnownFileType = sourcecode.swift; path = RSSIFilter.swift; sourceTree = "<group>"; };
		CD4A9C162D59BF26000B46AB /* Util.swift */ = {isa = PBXFileReference; fileEncoding = 4; lastKnownFileType = sourcecode.swift; path = Util.swift; sourceTree = "<group>"; };
		CD4A9C172D59BF26000B46AB /* Beacon.swift */ = {isa = PBXFileReference; fileEncoding = 4; lastKnownFileType = sourcecode.swift; path = Beacon.swift; sourceTree = "<group>"; };
		CD4A9C182D59BF26000B46AB /* DispatchTimer.swift */ = {isa = PBXFileReference; fileEncoding = 4; lastKnownFileType = sourcecode.swift; path = DispatchTimer.swift; sourceTree = "<group>"; };
		CD4A9C192D59BF26000B46AB /* Eddystone.swift */ = {isa = PBXFileReference; fileEncoding = 4; lastKnownFileType = sourcecode.swift; path = Eddystone.swift; sourceTree = "<group>"; };
		CD4A9C1A2D59BF26000B46AB /* GaussianFilter.swift */ = {isa = PBXFileReference; fileEncoding = 4; lastKnownFileType = sourcecode.swift; path = GaussianFilter.swift; sourceTree = "<group>"; };
		CD4A9C1B2D59BF26000B46AB /* Constants.swift */ = {isa = PBXFileReference; fileEncoding = 4; lastKnownFileType = sourcecode.swift; path = Constants.swift; sourceTree = "<group>"; };
		CD4A9C1C2D59BF26000B46AB /* LighthouseRecord.swift */ = {isa = PBXFileReference; fileEncoding = 4; lastKnownFileType = sourcecode.swift; path = LighthouseRecord.swift; sourceTree = "<group>"; };
		CD4A9C1D2D59BF26000B46AB /* Scanner.swift */ = {isa = PBXFileReference; fileEncoding = 4; lastKnownFileType = sourcecode.swift; path = Scanner.swift; sourceTree = "<group>"; };
		CD4A9C1E2D59BF26000B46AB /* KalmanFilter.swift */ = {isa = PBXFileReference; fileEncoding = 4; lastKnownFileType = sourcecode.swift; path = KalmanFilter.swift; sourceTree = "<group>"; };
		CD4A9C1F2D59BF26000B46AB /* BeaconManager.swift */ = {isa = PBXFileReference; fileEncoding = 4; lastKnownFileType = sourcecode.swift; path = BeaconManager.swift; sourceTree = "<group>"; };
		CD4A9C202D59BF26000B46AB /* EddystoneScanner.h */ = {isa = PBXFileReference; fileEncoding = 4; lastKnownFileType = sourcecode.c.h; path = EddystoneScanner.h; sourceTree = "<group>"; };
		CD4A9C212D59BF26000B46AB /* SafeSet.swift */ = {isa = PBXFileReference; fileEncoding = 4; lastKnownFileType = sourcecode.swift; path = SafeSet.swift; sourceTree = "<group>"; };
		CD4A9C222D59BF26000B46AB /* Hear2ThereAPIManager.swift */ = {isa = PBXFileReference; fileEncoding = 4; lastKnownFileType = sourcecode.swift; path = Hear2ThereAPIManager.swift; sourceTree = "<group>"; };
		CD4A9C232D59BF26000B46AB /* Telemetry.swift */ = {isa = PBXFileReference; fileEncoding = 4; lastKnownFileType = sourcecode.swift; path = Telemetry.swift; sourceTree = "<group>"; };
		CD4A9C242D59BF26000B46AB /* RunningAverageFilter.swift */ = {isa = PBXFileReference; fileEncoding = 4; lastKnownFileType = sourcecode.swift; path = RunningAverageFilter.swift; sourceTree = "<group>"; };
		CD7CF03F2CC0589E00107079 /* Hear2ThereSDK.framework */ = {isa = PBXFileReference; explicitFileType = wrapper.framework; includeInIndex = 0; path = Hear2ThereSDK.framework; sourceTree = BUILT_PRODUCTS_DIR; };
		CD7CF0BF2CC0595A00107079 /* BeaconManager.swift */ = {isa = PBXFileReference; fileEncoding = 4; lastKnownFileType = sourcecode.swift; path = BeaconManager.swift; sourceTree = "<group>"; };
		CD7CF0C02CC0595A00107079 /* ButtonRecord.swift */ = {isa = PBXFileReference; fileEncoding = 4; lastKnownFileType = sourcecode.swift; path = ButtonRecord.swift; sourceTree = "<group>"; };
		CD7CF0C12CC0595A00107079 /* LighthouseRecord.swift */ = {isa = PBXFileReference; fileEncoding = 4; lastKnownFileType = sourcecode.swift; path = LighthouseRecord.swift; sourceTree = "<group>"; };
		CD7CF0C22CC0595A00107079 /* Hear2ThereAPIManager.swift */ = {isa = PBXFileReference; fileEncoding = 4; lastKnownFileType = sourcecode.swift; path = Hear2ThereAPIManager.swift; sourceTree = "<group>"; };
		CD7CF0C32CC0595A00107079 /* EddystoneScanner.h */ = {isa = PBXFileReference; fileEncoding = 4; lastKnownFileType = sourcecode.c.h; path = EddystoneScanner.h; sourceTree = "<group>"; };
/* End PBXFileReference section */

/* Begin PBXFrameworksBuildPhase section */
		CD7CF03C2CC0589E00107079 /* Frameworks */ = {
			isa = PBXFrameworksBuildPhase;
			buildActionMask = 2147483647;
			files = (
			);
			runOnlyForDeploymentPostprocessing = 0;
		};
/* End PBXFrameworksBuildPhase section */

/* Begin PBXGroup section */
		CD4A9C122D59BF26000B46AB /* Models */ = {
			isa = PBXGroup;
			children = (
			);
			path = Models;
			sourceTree = "<group>";
		};
		CD4A9C132D59BF26000B46AB /* RSSIFilters */ = {
			isa = PBXGroup;
			children = (
			);
			path = RSSIFilters;
			sourceTree = "<group>";
		};
		CD4A9C142D59BF26000B46AB /* EddystoneRFC */ = {
			isa = PBXGroup;
			children = (
				CD4A9C122D59BF26000B46AB /* Models */,
				CD4A9C132D59BF26000B46AB /* RSSIFilters */,
			);
			path = EddystoneRFC;
			sourceTree = "<group>";
		};
		CD7CF0042CC0587200107079 = {
			isa = PBXGroup;
			children = (
				CD7CF0402CC0589E00107079 /* Hear2ThereSDK */,
				CD7CF00E2CC0587200107079 /* Products */,
				CD7CF0FA2CC059C300107079 /* Frameworks */,
			);
			sourceTree = "<group>";
		};
		CD7CF00E2CC0587200107079 /* Products */ = {
			isa = PBXGroup;
			children = (
				CD7CF03F2CC0589E00107079 /* Hear2ThereSDK.framework */,
			);
			name = Products;
			sourceTree = "<group>";
		};
		CD7CF0402CC0589E00107079 /* Hear2ThereSDK */ = {
			isa = PBXGroup;
			children = (
				CD7CF0BF2CC0595A00107079 /* BeaconManager.swift */,
				CD4A9C0F2D59BF26000B46AB /* ARMAFilter.swift */,
				CD4A9C172D59BF26000B46AB /* Beacon.swift */,
				CD4A9C102D59BF26000B46AB /* BeaconID.swift */,
				CD4A9C1F2D59BF26000B46AB /* BeaconManager.swift */,
				CD4A9C1B2D59BF26000B46AB /* Constants.swift */,
				CD4A9C182D59BF26000B46AB /* DispatchTimer.swift */,
				CD4A9C192D59BF26000B46AB /* Eddystone.swift */,
				CD4A9C142D59BF26000B46AB /* EddystoneRFC */,
				CD4A9C202D59BF26000B46AB /* EddystoneScanner.h */,
				CD4A9C1A2D59BF26000B46AB /* GaussianFilter.swift */,
				CD4A9C222D59BF26000B46AB /* Hear2ThereAPIManager.swift */,
				CD4A9C112D59BF26000B46AB /* Hear2ThereSDK.h */,
				CD4A9C1E2D59BF26000B46AB /* KalmanFilter.swift */,
				CD4A9C1C2D59BF26000B46AB /* LighthouseRecord.swift */,
				CD4A9C152D59BF26000B46AB /* RSSIFilter.swift */,
				CD4A9C242D59BF26000B46AB /* RunningAverageFilter.swift */,
				CD4A9C212D59BF26000B46AB /* SafeSet.swift */,
				CD4A9C1D2D59BF26000B46AB /* Scanner.swift */,
				CD4A9C232D59BF26000B46AB /* Telemetry.swift */,
				CD4A9C162D59BF26000B46AB /* Util.swift */,
				CD7CF0C02CC0595A00107079 /* ButtonRecord.swift */,
				CD7CF0C32CC0595A00107079 /* EddystoneScanner.h */,
				CD7CF0C22CC0595A00107079 /* Hear2ThereAPIManager.swift */,
				CD7CF0C12CC0595A00107079 /* LighthouseRecord.swift */,
			);
			path = Hear2ThereSDK;
			sourceTree = "<group>";
		};
		CD7CF0FA2CC059C300107079 /* Frameworks */ = {
			isa = PBXGroup;
			children = (
			);
			name = Frameworks;
			sourceTree = "<group>";
		};
/* End PBXGroup section */

/* Begin PBXHeadersBuildPhase section */
		CD7CF03A2CC0589E00107079 /* Headers */ = {
			isa = PBXHeadersBuildPhase;
			buildActionMask = 2147483647;
			files = (
				CD7CF0C82CC0595A00107079 /* EddystoneScanner.h in Headers */,
				CD4A9C332D59BF26000B46AB /* EddystoneScanner.h in Headers */,
				CD4A9C272D59BF26000B46AB /* Hear2ThereSDK.h in Headers */,
			);
			runOnlyForDeploymentPostprocessing = 0;
		};
/* End PBXHeadersBuildPhase section */

/* Begin PBXNativeTarget section */
		CD7CF03E2CC0589E00107079 /* Hear2ThereSDK */ = {
			isa = PBXNativeTarget;
			buildConfigurationList = CD7CF0472CC0589E00107079 /* Build configuration list for PBXNativeTarget "Hear2ThereSDK" */;
			buildPhases = (
				CD7CF03A2CC0589E00107079 /* Headers */,
				CD7CF03B2CC0589E00107079 /* Sources */,
				CD7CF03C2CC0589E00107079 /* Frameworks */,
				CD7CF03D2CC0589E00107079 /* Resources */,
			);
			buildRules = (
			);
			dependencies = (
			);
			name = Hear2ThereSDK;
			productName = Hear2ThereSDK;
			productReference = CD7CF03F2CC0589E00107079 /* Hear2ThereSDK.framework */;
			productType = "com.apple.product-type.framework";
		};
/* End PBXNativeTarget section */

/* Begin PBXProject section */
		CD7CF0052CC0587200107079 /* Project object */ = {
			isa = PBXProject;
			attributes = {
				BuildIndependentTargetsInParallel = 1;
				LastSwiftUpdateCheck = 1540;
				LastUpgradeCheck = 1540;
				TargetAttributes = {
					CD7CF03E2CC0589E00107079 = {
						CreatedOnToolsVersion = 15.4;
					};
				};
			};
			buildConfigurationList = CD7CF0082CC0587200107079 /* Build configuration list for PBXProject "Hear2There" */;
			compatibilityVersion = "Xcode 14.0";
			developmentRegion = en;
			hasScannedForEncodings = 0;
			knownRegions = (
				en,
				Base,
			);
			mainGroup = CD7CF0042CC0587200107079;
			productRefGroup = CD7CF00E2CC0587200107079 /* Products */;
			projectDirPath = "";
			projectRoot = "";
			targets = (
				CD7CF03E2CC0589E00107079 /* Hear2ThereSDK */,
			);
		};
/* End PBXProject section */

/* Begin PBXResourcesBuildPhase section */
		CD7CF03D2CC0589E00107079 /* Resources */ = {
			isa = PBXResourcesBuildPhase;
			buildActionMask = 2147483647;
			files = (
			);
			runOnlyForDeploymentPostprocessing = 0;
		};
/* End PBXResourcesBuildPhase section */

/* Begin PBXSourcesBuildPhase section */
		CD7CF03B2CC0589E00107079 /* Sources */ = {
			isa = PBXSourcesBuildPhase;
			buildActionMask = 2147483647;
			files = (
				CD4A9C2D2D59BF26000B46AB /* GaussianFilter.swift in Sources */,
				CD4A9C262D59BF26000B46AB /* BeaconID.swift in Sources */,
				CD4A9C282D59BF26000B46AB /* RSSIFilter.swift in Sources */,
				CD7CF0C42CC0595A00107079 /* BeaconManager.swift in Sources */,
				CD4A9C292D59BF26000B46AB /* Util.swift in Sources */,
				CD4A9C342D59BF26000B46AB /* SafeSet.swift in Sources */,
				CD4A9C2C2D59BF26000B46AB /* Eddystone.swift in Sources */,
				CD4A9C322D59BF26000B46AB /* BeaconManager.swift in Sources */,
				CD4A9C372D59BF26000B46AB /* RunningAverageFilter.swift in Sources */,
				CD4A9C352D59BF26000B46AB /* Hear2ThereAPIManager.swift in Sources */,
				CD7CF0C52CC0595A00107079 /* ButtonRecord.swift in Sources */,
				CD4A9C312D59BF26000B46AB /* KalmanFilter.swift in Sources */,
				CD4A9C2E2D59BF26000B46AB /* Constants.swift in Sources */,
				CD4A9C2B2D59BF26000B46AB /* DispatchTimer.swift in Sources */,
				CD4A9C362D59BF26000B46AB /* Telemetry.swift in Sources */,
				CD4A9C2A2D59BF26000B46AB /* Beacon.swift in Sources */,
				CD4A9C2F2D59BF26000B46AB /* LighthouseRecord.swift in Sources */,
				CD4A9C252D59BF26000B46AB /* ARMAFilter.swift in Sources */,
				CD7CF0C62CC0595A00107079 /* LighthouseRecord.swift in Sources */,
				CD4A9C302D59BF26000B46AB /* Scanner.swift in Sources */,
				CD7CF0C72CC0595A00107079 /* Hear2ThereAPIManager.swift in Sources */,
			);
			runOnlyForDeploymentPostprocessing = 0;
		};
/* End PBXSourcesBuildPhase section */

/* Begin XCBuildConfiguration section */
		CD7CF02F2CC0587200107079 /* Debug */ = {
			isa = XCBuildConfiguration;
			buildSettings = {
				ALWAYS_SEARCH_USER_PATHS = NO;
				ASSETCATALOG_COMPILER_GENERATE_SWIFT_ASSET_SYMBOL_EXTENSIONS = YES;
				CLANG_ANALYZER_NONNULL = YES;
				CLANG_ANALYZER_NUMBER_OBJECT_CONVERSION = YES_AGGRESSIVE;
				CLANG_CXX_LANGUAGE_STANDARD = "gnu++20";
				CLANG_ENABLE_MODULES = YES;
				CLANG_ENABLE_OBJC_ARC = YES;
				CLANG_ENABLE_OBJC_WEAK = YES;
				CLANG_WARN_BLOCK_CAPTURE_AUTORELEASING = YES;
				CLANG_WARN_BOOL_CONVERSION = YES;
				CLANG_WARN_COMMA = YES;
				CLANG_WARN_CONSTANT_CONVERSION = YES;
				CLANG_WARN_DEPRECATED_OBJC_IMPLEMENTATIONS = YES;
				CLANG_WARN_DIRECT_OBJC_ISA_USAGE = YES_ERROR;
				CLANG_WARN_DOCUMENTATION_COMMENTS = YES;
				CLANG_WARN_EMPTY_BODY = YES;
				CLANG_WARN_ENUM_CONVERSION = YES;
				CLANG_WARN_INFINITE_RECURSION = YES;
				CLANG_WARN_INT_CONVERSION = YES;
				CLANG_WARN_NON_LITERAL_NULL_CONVERSION = YES;
				CLANG_WARN_OBJC_IMPLICIT_RETAIN_SELF = YES;
				CLANG_WARN_OBJC_LITERAL_CONVERSION = YES;
				CLANG_WARN_OBJC_ROOT_CLASS = YES_ERROR;
				CLANG_WARN_QUOTED_INCLUDE_IN_FRAMEWORK_HEADER = YES;
				CLANG_WARN_RANGE_LOOP_ANALYSIS = YES;
				CLANG_WARN_STRICT_PROTOTYPES = YES;
				CLANG_WARN_SUSPICIOUS_MOVE = YES;
				CLANG_WARN_UNGUARDED_AVAILABILITY = YES_AGGRESSIVE;
				CLANG_WARN_UNREACHABLE_CODE = YES;
				CLANG_WARN__DUPLICATE_METHOD_MATCH = YES;
				COPY_PHASE_STRIP = NO;
				DEBUG_INFORMATION_FORMAT = dwarf;
				ENABLE_STRICT_OBJC_MSGSEND = YES;
				ENABLE_TESTABILITY = YES;
				ENABLE_USER_SCRIPT_SANDBOXING = YES;
				GCC_C_LANGUAGE_STANDARD = gnu17;
				GCC_DYNAMIC_NO_PIC = NO;
				GCC_NO_COMMON_BLOCKS = YES;
				GCC_OPTIMIZATION_LEVEL = 0;
				GCC_PREPROCESSOR_DEFINITIONS = (
					"DEBUG=1",
					"$(inherited)",
				);
				GCC_WARN_64_TO_32_BIT_CONVERSION = YES;
				GCC_WARN_ABOUT_RETURN_TYPE = YES_ERROR;
				GCC_WARN_UNDECLARED_SELECTOR = YES;
				GCC_WARN_UNINITIALIZED_AUTOS = YES_AGGRESSIVE;
				GCC_WARN_UNUSED_FUNCTION = YES;
				GCC_WARN_UNUSED_VARIABLE = YES;
				IPHONEOS_DEPLOYMENT_TARGET = 17.5;
				LOCALIZATION_PREFERS_STRING_CATALOGS = YES;
				MTL_ENABLE_DEBUG_INFO = INCLUDE_SOURCE;
				MTL_FAST_MATH = YES;
				ONLY_ACTIVE_ARCH = YES;
				SDKROOT = iphoneos;
				SWIFT_ACTIVE_COMPILATION_CONDITIONS = "DEBUG $(inherited)";
				SWIFT_OPTIMIZATION_LEVEL = "-Onone";
			};
			name = Debug;
		};
		CD7CF0302CC0587200107079 /* Release */ = {
			isa = XCBuildConfiguration;
			buildSettings = {
				ALWAYS_SEARCH_USER_PATHS = NO;
				ASSETCATALOG_COMPILER_GENERATE_SWIFT_ASSET_SYMBOL_EXTENSIONS = YES;
				CLANG_ANALYZER_NONNULL = YES;
				CLANG_ANALYZER_NUMBER_OBJECT_CONVERSION = YES_AGGRESSIVE;
				CLANG_CXX_LANGUAGE_STANDARD = "gnu++20";
				CLANG_ENABLE_MODULES = YES;
				CLANG_ENABLE_OBJC_ARC = YES;
				CLANG_ENABLE_OBJC_WEAK = YES;
				CLANG_WARN_BLOCK_CAPTURE_AUTORELEASING = YES;
				CLANG_WARN_BOOL_CONVERSION = YES;
				CLANG_WARN_COMMA = YES;
				CLANG_WARN_CONSTANT_CONVERSION = YES;
				CLANG_WARN_DEPRECATED_OBJC_IMPLEMENTATIONS = YES;
				CLANG_WARN_DIRECT_OBJC_ISA_USAGE = YES_ERROR;
				CLANG_WARN_DOCUMENTATION_COMMENTS = YES;
				CLANG_WARN_EMPTY_BODY = YES;
				CLANG_WARN_ENUM_CONVERSION = YES;
				CLANG_WARN_INFINITE_RECURSION = YES;
				CLANG_WARN_INT_CONVERSION = YES;
				CLANG_WARN_NON_LITERAL_NULL_CONVERSION = YES;
				CLANG_WARN_OBJC_IMPLICIT_RETAIN_SELF = YES;
				CLANG_WARN_OBJC_LITERAL_CONVERSION = YES;
				CLANG_WARN_OBJC_ROOT_CLASS = YES_ERROR;
				CLANG_WARN_QUOTED_INCLUDE_IN_FRAMEWORK_HEADER = YES;
				CLANG_WARN_RANGE_LOOP_ANALYSIS = YES;
				CLANG_WARN_STRICT_PROTOTYPES = YES;
				CLANG_WARN_SUSPICIOUS_MOVE = YES;
				CLANG_WARN_UNGUARDED_AVAILABILITY = YES_AGGRESSIVE;
				CLANG_WARN_UNREACHABLE_CODE = YES;
				CLANG_WARN__DUPLICATE_METHOD_MATCH = YES;
				COPY_PHASE_STRIP = NO;
				DEBUG_INFORMATION_FORMAT = "dwarf-with-dsym";
				ENABLE_NS_ASSERTIONS = NO;
				ENABLE_STRICT_OBJC_MSGSEND = YES;
				ENABLE_USER_SCRIPT_SANDBOXING = YES;
				GCC_C_LANGUAGE_STANDARD = gnu17;
				GCC_NO_COMMON_BLOCKS = YES;
				GCC_WARN_64_TO_32_BIT_CONVERSION = YES;
				GCC_WARN_ABOUT_RETURN_TYPE = YES_ERROR;
				GCC_WARN_UNDECLARED_SELECTOR = YES;
				GCC_WARN_UNINITIALIZED_AUTOS = YES_AGGRESSIVE;
				GCC_WARN_UNUSED_FUNCTION = YES;
				GCC_WARN_UNUSED_VARIABLE = YES;
				IPHONEOS_DEPLOYMENT_TARGET = 17.5;
				LOCALIZATION_PREFERS_STRING_CATALOGS = YES;
				MTL_ENABLE_DEBUG_INFO = NO;
				MTL_FAST_MATH = YES;
				SDKROOT = iphoneos;
				SWIFT_COMPILATION_MODE = wholemodule;
				VALIDATE_PRODUCT = YES;
			};
			name = Release;
		};
		CD7CF0482CC0589E00107079 /* Debug */ = {
			isa = XCBuildConfiguration;
			buildSettings = {
				BUILD_LIBRARY_FOR_DISTRIBUTION = YES;
				CODE_SIGN_STYLE = Automatic;
				CURRENT_PROJECT_VERSION = 1;
				DEFINES_MODULE = YES;
				DYLIB_COMPATIBILITY_VERSION = 1;
				DYLIB_CURRENT_VERSION = 1;
				DYLIB_INSTALL_NAME_BASE = "@rpath";
				ENABLE_MODULE_VERIFIER = YES;
				GENERATE_INFOPLIST_FILE = YES;
				INFOPLIST_KEY_NSHumanReadableCopyright = "";
				INSTALL_PATH = "$(LOCAL_LIBRARY_DIR)/Frameworks";
				LD_RUNPATH_SEARCH_PATHS = (
					"$(inherited)",
					"@executable_path/Frameworks",
					"@loader_path/Frameworks",
				);
				MARKETING_VERSION = 1.0;
				MODULE_VERIFIER_SUPPORTED_LANGUAGES = "objective-c objective-c++";
				MODULE_VERIFIER_SUPPORTED_LANGUAGE_STANDARDS = "gnu17 gnu++20";
				PRODUCT_BUNDLE_IDENTIFIER = com.foresightar.Hear2ThereSDK;
				PRODUCT_NAME = "$(TARGET_NAME:c99extidentifier)";
				SKIP_INSTALL = NO;
				SWIFT_EMIT_LOC_STRINGS = YES;
				SWIFT_INSTALL_OBJC_HEADER = NO;
				SWIFT_VERSION = 5.0;
				TARGETED_DEVICE_FAMILY = "1,2";
				VERSIONING_SYSTEM = "apple-generic";
				VERSION_INFO_PREFIX = "";
			};
			name = Debug;
		};
		CD7CF0492CC0589E00107079 /* Release */ = {
			isa = XCBuildConfiguration;
			buildSettings = {
				BUILD_LIBRARY_FOR_DISTRIBUTION = YES;
				CODE_SIGN_STYLE = Automatic;
				CURRENT_PROJECT_VERSION = 1;
				DEFINES_MODULE = YES;
				DYLIB_COMPATIBILITY_VERSION = 1;
				DYLIB_CURRENT_VERSION = 1;
				DYLIB_INSTALL_NAME_BASE = "@rpath";
				ENABLE_MODULE_VERIFIER = YES;
				GENERATE_INFOPLIST_FILE = YES;
				INFOPLIST_KEY_NSHumanReadableCopyright = "";
				INSTALL_PATH = "$(LOCAL_LIBRARY_DIR)/Frameworks";
				LD_RUNPATH_SEARCH_PATHS = (
					"$(inherited)",
					"@executable_path/Frameworks",
					"@loader_path/Frameworks",
				);
				MARKETING_VERSION = 1.0;
				MODULE_VERIFIER_SUPPORTED_LANGUAGES = "objective-c objective-c++";
				MODULE_VERIFIER_SUPPORTED_LANGUAGE_STANDARDS = "gnu17 gnu++20";
				PRODUCT_BUNDLE_IDENTIFIER = com.foresightar.Hear2ThereSDK;
				PRODUCT_NAME = "$(TARGET_NAME:c99extidentifier)";
				SKIP_INSTALL = NO;
				SWIFT_EMIT_LOC_STRINGS = YES;
				SWIFT_INSTALL_OBJC_HEADER = NO;
				SWIFT_VERSION = 5.0;
				TARGETED_DEVICE_FAMILY = "1,2";
				VERSIONING_SYSTEM = "apple-generic";
				VERSION_INFO_PREFIX = "";
			};
			name = Release;
		};
/* End XCBuildConfiguration section */

/* Begin XCConfigurationList section */
		CD7CF0082CC0587200107079 /* Build configuration list for PBXProject "Hear2There" */ = {
			isa = XCConfigurationList;
			buildConfigurations = (
				CD7CF02F2CC0587200107079 /* Debug */,
				CD7CF0302CC0587200107079 /* Release */,
			);
			defaultConfigurationIsVisible = 0;
			defaultConfigurationName = Release;
		};
		CD7CF0472CC0589E00107079 /* Build configuration list for PBXNativeTarget "Hear2ThereSDK" */ = {
			isa = XCConfigurationList;
			buildConfigurations = (
				CD7CF0482CC0589E00107079 /* Debug */,
				CD7CF0492CC0589E00107079 /* Release */,
			);
			defaultConfigurationIsVisible = 0;
			defaultConfigurationName = Release;
		};
/* End XCConfigurationList section */
	};
	rootObject = CD7CF0052CC0587200107079 /* Project object */;
}
