// !$*UTF8*$!
{
	archiveVersion = 1;
	classes = {
	};
	objectVersion = 56;
	objects = {

/* Begin PBXBuildFile section */
		CD7CF0112CC0587200107079 /* Hear2ThereApp.swift in Sources */ = {isa = PBXBuildFile; fileRef = CD7CF0102CC0587200107079 /* Hear2ThereApp.swift */; };
		CD7CF0132CC0587200107079 /* ContentView.swift in Sources */ = {isa = PBXBuildFile; fileRef = CD7CF0122CC0587200107079 /* ContentView.swift */; };
		CD7CF0152CC0587200107079 /* Assets.xcassets in Resources */ = {isa = PBXBuildFile; fileRef = CD7CF0142CC0587200107079 /* Assets.xcassets */; };
		CD7CF0182CC0587200107079 /* Preview Assets.xcassets in Resources */ = {isa = PBXBuildFile; fileRef = CD7CF0172CC0587200107079 /* Preview Assets.xcassets */; };
		CD7CF0222CC0587200107079 /* Hear2ThereTests.swift in Sources */ = {isa = PBXBuildFile; fileRef = CD7CF0212CC0587200107079 /* Hear2ThereTests.swift */; };
		CD7CF02C2CC0587200107079 /* Hear2ThereUITests.swift in Sources */ = {isa = PBXBuildFile; fileRef = CD7CF02B2CC0587200107079 /* Hear2ThereUITests.swift */; };
		CD7CF02E2CC0587200107079 /* Hear2ThereUITestsLaunchTests.swift in Sources */ = {isa = PBXBuildFile; fileRef = CD7CF02D2CC0587200107079 /* Hear2ThereUITestsLaunchTests.swift */; };
/* End PBXBuildFile section */

/* Begin PBXContainerItemProxy section */
		CD7CF01E2CC0587200107079 /* PBXContainerItemProxy */ = {
			isa = PBXContainerItemProxy;
			containerPortal = CD7CF0052CC0587200107079 /* Project object */;
			proxyType = 1;
			remoteGlobalIDString = CD7CF00C2CC0587200107079;
			remoteInfo = Hear2There;
		};
		CD7CF0282CC0587200107079 /* PBXContainerItemProxy */ = {
			isa = PBXContainerItemProxy;
			containerPortal = CD7CF0052CC0587200107079 /* Project object */;
			proxyType = 1;
			remoteGlobalIDString = CD7CF00C2CC0587200107079;
			remoteInfo = Hear2There;
		};
/* End PBXContainerItemProxy section */

/* Begin PBXFileReference section */
		CD7CF00D2CC0587200107079 /* Hear2There.app */ = {isa = PBXFileReference; explicitFileType = wrapper.application; includeInIndex = 0; path = Hear2There.app; sourceTree = BUILT_PRODUCTS_DIR; };
		CD7CF0102CC0587200107079 /* Hear2ThereApp.swift */ = {isa = PBXFileReference; lastKnownFileType = sourcecode.swift; path = Hear2ThereApp.swift; sourceTree = "<group>"; };
		CD7CF0122CC0587200107079 /* ContentView.swift */ = {isa = PBXFileReference; lastKnownFileType = sourcecode.swift; path = ContentView.swift; sourceTree = "<group>"; };
		CD7CF0142CC0587200107079 /* Assets.xcassets */ = {isa = PBXFileReference; lastKnownFileType = folder.assetcatalog; path = Assets.xcassets; sourceTree = "<group>"; };
		CD7CF0172CC0587200107079 /* Preview Assets.xcassets */ = {isa = PBXFileReference; lastKnownFileType = folder.assetcatalog; path = "Preview Assets.xcassets"; sourceTree = "<group>"; };
		CD7CF01D2CC0587200107079 /* Hear2ThereTests.xctest */ = {isa = PBXFileReference; explicitFileType = wrapper.cfbundle; includeInIndex = 0; path = Hear2ThereTests.xctest; sourceTree = BUILT_PRODUCTS_DIR; };
		CD7CF0212CC0587200107079 /* Hear2ThereTests.swift */ = {isa = PBXFileReference; lastKnownFileType = sourcecode.swift; path = Hear2ThereTests.swift; sourceTree = "<group>"; };
		CD7CF0272CC0587200107079 /* Hear2ThereUITests.xctest */ = {isa = PBXFileReference; explicitFileType = wrapper.cfbundle; includeInIndex = 0; path = Hear2ThereUITests.xctest; sourceTree = BUILT_PRODUCTS_DIR; };
		CD7CF02B2CC0587200107079 /* Hear2ThereUITests.swift */ = {isa = PBXFileReference; lastKnownFileType = sourcecode.swift; path = Hear2ThereUITests.swift; sourceTree = "<group>"; };
		CD7CF02D2CC0587200107079 /* Hear2ThereUITestsLaunchTests.swift */ = {isa = PBXFileReference; lastKnownFileType = sourcecode.swift; path = Hear2ThereUITestsLaunchTests.swift; sourceTree = "<group>"; };
/* End PBXFileReference section */

/* Begin PBXFrameworksBuildPhase section */
		CD7CF00A2CC0587200107079 /* Frameworks */ = {
			isa = PBXFrameworksBuildPhase;
			buildActionMask = 2147483647;
			files = (
			);
			runOnlyForDeploymentPostprocessing = 0;
		};
		CD7CF01A2CC0587200107079 /* Frameworks */ = {
			isa = PBXFrameworksBuildPhase;
			buildActionMask = 2147483647;
			files = (
			);
			runOnlyForDeploymentPostprocessing = 0;
		};
		CD7CF0242CC0587200107079 /* Frameworks */ = {
			isa = PBXFrameworksBuildPhase;
			buildActionMask = 2147483647;
			files = (
			);
			runOnlyForDeploymentPostprocessing = 0;
		};
/* End PBXFrameworksBuildPhase section */

/* Begin PBXGroup section */
		CD7CF0042CC0587200107079 = {
			isa = PBXGroup;
			children = (
				CD7CF00F2CC0587200107079 /* Hear2There */,
				CD7CF0202CC0587200107079 /* Hear2ThereTests */,
				CD7CF02A2CC0587200107079 /* Hear2ThereUITests */,
				CD7CF00E2CC0587200107079 /* Products */,
			);
			sourceTree = "<group>";
		};
		CD7CF00E2CC0587200107079 /* Products */ = {
			isa = PBXGroup;
			children = (
				CD7CF00D2CC0587200107079 /* Hear2There.app */,
				CD7CF01D2CC0587200107079 /* Hear2ThereTests.xctest */,
				CD7CF0272CC0587200107079 /* Hear2ThereUITests.xctest */,
			);
			name = Products;
			sourceTree = "<group>";
		};
		CD7CF00F2CC0587200107079 /* Hear2There */ = {
			isa = PBXGroup;
			children = (
				CD7CF0102CC0587200107079 /* Hear2ThereApp.swift */,
				CD7CF0122CC0587200107079 /* ContentView.swift */,
				CD7CF0142CC0587200107079 /* Assets.xcassets */,
				CD7CF0162CC0587200107079 /* Preview Content */,
			);
			path = Hear2There;
			sourceTree = "<group>";
		};
		CD7CF0162CC0587200107079 /* Preview Content */ = {
			isa = PBXGroup;
			children = (
				CD7CF0172CC0587200107079 /* Preview Assets.xcassets */,
			);
			path = "Preview Content";
			sourceTree = "<group>";
		};
		CD7CF0202CC0587200107079 /* Hear2ThereTests */ = {
			isa = PBXGroup;
			children = (
				CD7CF0212CC0587200107079 /* Hear2ThereTests.swift */,
			);
			path = Hear2ThereTests;
			sourceTree = "<group>";
		};
		CD7CF02A2CC0587200107079 /* Hear2ThereUITests */ = {
			isa = PBXGroup;
			children = (
				CD7CF02B2CC0587200107079 /* Hear2ThereUITests.swift */,
				CD7CF02D2CC0587200107079 /* Hear2ThereUITestsLaunchTests.swift */,
			);
			path = Hear2ThereUITests;
			sourceTree = "<group>";
		};
/* End PBXGroup section */

/* Begin PBXNativeTarget section */
		CD7CF00C2CC0587200107079 /* Hear2There */ = {
			isa = PBXNativeTarget;
			buildConfigurationList = CD7CF0312CC0587200107079 /* Build configuration list for PBXNativeTarget "Hear2There" */;
			buildPhases = (
				CD7CF0092CC0587200107079 /* Sources */,
				CD7CF00A2CC0587200107079 /* Frameworks */,
				CD7CF00B2CC0587200107079 /* Resources */,
			);
			buildRules = (
			);
			dependencies = (
			);
			name = Hear2There;
			productName = Hear2There;
			productReference = CD7CF00D2CC0587200107079 /* Hear2There.app */;
			productType = "com.apple.product-type.application";
		};
		CD7CF01C2CC0587200107079 /* Hear2ThereTests */ = {
			isa = PBXNativeTarget;
			buildConfigurationList = CD7CF0342CC0587200107079 /* Build configuration list for PBXNativeTarget "Hear2ThereTests" */;
			buildPhases = (
				CD7CF0192CC0587200107079 /* Sources */,
				CD7CF01A2CC0587200107079 /* Frameworks */,
				CD7CF01B2CC0587200107079 /* Resources */,
			);
			buildRules = (
			);
			dependencies = (
				CD7CF01F2CC0587200107079 /* PBXTargetDependency */,
			);
			name = Hear2ThereTests;
			productName = Hear2ThereTests;
			productReference = CD7CF01D2CC0587200107079 /* Hear2ThereTests.xctest */;
			productType = "com.apple.product-type.bundle.unit-test";
		};
		CD7CF0262CC0587200107079 /* Hear2ThereUITests */ = {
			isa = PBXNativeTarget;
			buildConfigurationList = CD7CF0372CC0587200107079 /* Build configuration list for PBXNativeTarget "Hear2ThereUITests" */;
			buildPhases = (
				CD7CF0232CC0587200107079 /* Sources */,
				CD7CF0242CC0587200107079 /* Frameworks */,
				CD7CF0252CC0587200107079 /* Resources */,
			);
			buildRules = (
			);
			dependencies = (
				CD7CF0292CC0587200107079 /* PBXTargetDependency */,
			);
			name = Hear2ThereUITests;
			productName = Hear2ThereUITests;
			productReference = CD7CF0272CC0587200107079 /* Hear2ThereUITests.xctest */;
			productType = "com.apple.product-type.bundle.ui-testing";
		};
/* End PBXNativeTarget section */

/* Begin PBXProject section */
		CD7CF0052CC0587200107079 /* Project object */ = {
			isa = PBXProject;
			attributes = {
				BuildIndependentTargetsInParallel = 1;
				LastSwiftUpdateCheck = 1540;
				LastUpgradeCheck = 1540;
				TargetAttributes = {
					CD7CF00C2CC0587200107079 = {
						CreatedOnToolsVersion = 15.4;
					};
					CD7CF01C2CC0587200107079 = {
						CreatedOnToolsVersion = 15.4;
						TestTargetID = CD7CF00C2CC0587200107079;
					};
					CD7CF0262CC0587200107079 = {
						CreatedOnToolsVersion = 15.4;
						TestTargetID = CD7CF00C2CC0587200107079;
					};
				};
			};
			buildConfigurationList = CD7CF0082CC0587200107079 /* Build configuration list for PBXProject "Hear2There" */;
			compatibilityVersion = "Xcode 14.0";
			developmentRegion = en;
			hasScannedForEncodings = 0;
			knownRegions = (
				en,
				Base,
			);
			mainGroup = CD7CF0042CC0587200107079;
			productRefGroup = CD7CF00E2CC0587200107079 /* Products */;
			projectDirPath = "";
			projectRoot = "";
			targets = (
				CD7CF00C2CC0587200107079 /* Hear2There */,
				CD7CF01C2CC0587200107079 /* Hear2ThereTests */,
				CD7CF0262CC0587200107079 /* Hear2ThereUITests */,
			);
		};
/* End PBXProject section */

/* Begin PBXResourcesBuildPhase section */
		CD7CF00B2CC0587200107079 /* Resources */ = {
			isa = PBXResourcesBuildPhase;
			buildActionMask = 2147483647;
			files = (
				CD7CF0182CC0587200107079 /* Preview Assets.xcassets in Resources */,
				CD7CF0152CC0587200107079 /* Assets.xcassets in Resources */,
			);
			runOnlyForDeploymentPostprocessing = 0;
		};
		CD7CF01B2CC0587200107079 /* Resources */ = {
			isa = PBXResourcesBuildPhase;
			buildActionMask = 2147483647;
			files = (
			);
			runOnlyForDeploymentPostprocessing = 0;
		};
		CD7CF0252CC0587200107079 /* Resources */ = {
			isa = PBXResourcesBuildPhase;
			buildActionMask = 2147483647;
			files = (
			);
			runOnlyForDeploymentPostprocessing = 0;
		};
/* End PBXResourcesBuildPhase section */

/* Begin PBXSourcesBuildPhase section */
		CD7CF0092CC0587200107079 /* Sources */ = {
			isa = PBXSourcesBuildPhase;
			buildActionMask = 2147483647;
			files = (
				CD7CF0132CC0587200107079 /* ContentView.swift in Sources */,
				CD7CF0112CC0587200107079 /* Hear2ThereApp.swift in Sources */,
			);
			runOnlyForDeploymentPostprocessing = 0;
		};
		CD7CF0192CC0587200107079 /* Sources */ = {
			isa = PBXSourcesBuildPhase;
			buildActionMask = 2147483647;
			files = (
				CD7CF0222CC0587200107079 /* Hear2ThereTests.swift in Sources */,
			);
			runOnlyForDeploymentPostprocessing = 0;
		};
		CD7CF0232CC0587200107079 /* Sources */ = {
			isa = PBXSourcesBuildPhase;
			buildActionMask = 2147483647;
			files = (
				CD7CF02E2CC0587200107079 /* Hear2ThereUITestsLaunchTests.swift in Sources */,
				CD7CF02C2CC0587200107079 /* Hear2ThereUITests.swift in Sources */,
			);
			runOnlyForDeploymentPostprocessing = 0;
		};
/* End PBXSourcesBuildPhase section */

/* Begin PBXTargetDependency section */
		CD7CF01F2CC0587200107079 /* PBXTargetDependency */ = {
			isa = PBXTargetDependency;
			target = CD7CF00C2CC0587200107079 /* Hear2There */;
			targetProxy = CD7CF01E2CC0587200107079 /* PBXContainerItemProxy */;
		};
		CD7CF0292CC0587200107079 /* PBXTargetDependency */ = {
			isa = PBXTargetDependency;
			target = CD7CF00C2CC0587200107079 /* Hear2There */;
			targetProxy = CD7CF0282CC0587200107079 /* PBXContainerItemProxy */;
		};
/* End PBXTargetDependency section */

/* Begin XCBuildConfiguration section */
		CD7CF02F2CC0587200107079 /* Debug */ = {
			isa = XCBuildConfiguration;
			buildSettings = {
				ALWAYS_SEARCH_USER_PATHS = NO;
				ASSETCATALOG_COMPILER_GENERATE_SWIFT_ASSET_SYMBOL_EXTENSIONS = YES;
				CLANG_ANALYZER_NONNULL = YES;
				CLANG_ANALYZER_NUMBER_OBJECT_CONVERSION = YES_AGGRESSIVE;
				CLANG_CXX_LANGUAGE_STANDARD = "gnu++20";
				CLANG_ENABLE_MODULES = YES;
				CLANG_ENABLE_OBJC_ARC = YES;
				CLANG_ENABLE_OBJC_WEAK = YES;
				CLANG_WARN_BLOCK_CAPTURE_AUTORELEASING = YES;
				CLANG_WARN_BOOL_CONVERSION = YES;
				CLANG_WARN_COMMA = YES;
				CLANG_WARN_CONSTANT_CONVERSION = YES;
				CLANG_WARN_DEPRECATED_OBJC_IMPLEMENTATIONS = YES;
				CLANG_WARN_DIRECT_OBJC_ISA_USAGE = YES_ERROR;
				CLANG_WARN_DOCUMENTATION_COMMENTS = YES;
				CLANG_WARN_EMPTY_BODY = YES;
				CLANG_WARN_ENUM_CONVERSION = YES;
				CLANG_WARN_INFINITE_RECURSION = YES;
				CLANG_WARN_INT_CONVERSION = YES;
				CLANG_WARN_NON_LITERAL_NULL_CONVERSION = YES;
				CLANG_WARN_OBJC_IMPLICIT_RETAIN_SELF = YES;
				CLANG_WARN_OBJC_LITERAL_CONVERSION = YES;
				CLANG_WARN_OBJC_ROOT_CLASS = YES_ERROR;
				CLANG_WARN_QUOTED_INCLUDE_IN_FRAMEWORK_HEADER = YES;
				CLANG_WARN_RANGE_LOOP_ANALYSIS = YES;
				CLANG_WARN_STRICT_PROTOTYPES = YES;
				CLANG_WARN_SUSPICIOUS_MOVE = YES;
				CLANG_WARN_UNGUARDED_AVAILABILITY = YES_AGGRESSIVE;
				CLANG_WARN_UNREACHABLE_CODE = YES;
				CLANG_WARN__DUPLICATE_METHOD_MATCH = YES;
				COPY_PHASE_STRIP = NO;
				DEBUG_INFORMATION_FORMAT = dwarf;
				ENABLE_STRICT_OBJC_MSGSEND = YES;
				ENABLE_TESTABILITY = YES;
				ENABLE_USER_SCRIPT_SANDBOXING = YES;
				GCC_C_LANGUAGE_STANDARD = gnu17;
				GCC_DYNAMIC_NO_PIC = NO;
				GCC_NO_COMMON_BLOCKS = YES;
				GCC_OPTIMIZATION_LEVEL = 0;
				GCC_PREPROCESSOR_DEFINITIONS = (
					"DEBUG=1",
					"$(inherited)",
				);
				GCC_WARN_64_TO_32_BIT_CONVERSION = YES;
				GCC_WARN_ABOUT_RETURN_TYPE = YES_ERROR;
				GCC_WARN_UNDECLARED_SELECTOR = YES;
				GCC_WARN_UNINITIALIZED_AUTOS = YES_AGGRESSIVE;
				GCC_WARN_UNUSED_FUNCTION = YES;
				GCC_WARN_UNUSED_VARIABLE = YES;
				IPHONEOS_DEPLOYMENT_TARGET = 17.5;
				LOCALIZATION_PREFERS_STRING_CATALOGS = YES;
				MTL_ENABLE_DEBUG_INFO = INCLUDE_SOURCE;
				MTL_FAST_MATH = YES;
				ONLY_ACTIVE_ARCH = YES;
				SDKROOT = iphoneos;
				SWIFT_ACTIVE_COMPILATION_CONDITIONS = "DEBUG $(inherited)";
				SWIFT_OPTIMIZATION_LEVEL = "-Onone";
			};
			name = Debug;
		};
		CD7CF0302CC0587200107079 /* Release */ = {
			isa = XCBuildConfiguration;
			buildSettings = {
				ALWAYS_SEARCH_USER_PATHS = NO;
				ASSETCATALOG_COMPILER_GENERATE_SWIFT_ASSET_SYMBOL_EXTENSIONS = YES;
				CLANG_ANALYZER_NONNULL = YES;
				CLANG_ANALYZER_NUMBER_OBJECT_CONVERSION = YES_AGGRESSIVE;
				CLANG_CXX_LANGUAGE_STANDARD = "gnu++20";
				CLANG_ENABLE_MODULES = YES;
				CLANG_ENABLE_OBJC_ARC = YES;
				CLANG_ENABLE_OBJC_WEAK = YES;
				CLANG_WARN_BLOCK_CAPTURE_AUTORELEASING = YES;
				CLANG_WARN_BOOL_CONVERSION = YES;
				CLANG_WARN_COMMA = YES;
				CLANG_WARN_CONSTANT_CONVERSION = YES;
				CLANG_WARN_DEPRECATED_OBJC_IMPLEMENTATIONS = YES;
				CLANG_WARN_DIRECT_OBJC_ISA_USAGE = YES_ERROR;
				CLANG_WARN_DOCUMENTATION_COMMENTS = YES;
				CLANG_WARN_EMPTY_BODY = YES;
				CLANG_WARN_ENUM_CONVERSION = YES;
				CLANG_WARN_INFINITE_RECURSION = YES;
				CLANG_WARN_INT_CONVERSION = YES;
				CLANG_WARN_NON_LITERAL_NULL_CONVERSION = YES;
				CLANG_WARN_OBJC_IMPLICIT_RETAIN_SELF = YES;
				CLANG_WARN_OBJC_LITERAL_CONVERSION = YES;
				CLANG_WARN_OBJC_ROOT_CLASS = YES_ERROR;
				CLANG_WARN_QUOTED_INCLUDE_IN_FRAMEWORK_HEADER = YES;
				CLANG_WARN_RANGE_LOOP_ANALYSIS = YES;
				CLANG_WARN_STRICT_PROTOTYPES = YES;
				CLANG_WARN_SUSPICIOUS_MOVE = YES;
				CLANG_WARN_UNGUARDED_AVAILABILITY = YES_AGGRESSIVE;
				CLANG_WARN_UNREACHABLE_CODE = YES;
				CLANG_WARN__DUPLICATE_METHOD_MATCH = YES;
				COPY_PHASE_STRIP = NO;
				DEBUG_INFORMATION_FORMAT = "dwarf-with-dsym";
				ENABLE_NS_ASSERTIONS = NO;
				ENABLE_STRICT_OBJC_MSGSEND = YES;
				ENABLE_USER_SCRIPT_SANDBOXING = YES;
				GCC_C_LANGUAGE_STANDARD = gnu17;
				GCC_NO_COMMON_BLOCKS = YES;
				GCC_WARN_64_TO_32_BIT_CONVERSION = YES;
				GCC_WARN_ABOUT_RETURN_TYPE = YES_ERROR;
				GCC_WARN_UNDECLARED_SELECTOR = YES;
				GCC_WARN_UNINITIALIZED_AUTOS = YES_AGGRESSIVE;
				GCC_WARN_UNUSED_FUNCTION = YES;
				GCC_WARN_UNUSED_VARIABLE = YES;
				IPHONEOS_DEPLOYMENT_TARGET = 17.5;
				LOCALIZATION_PREFERS_STRING_CATALOGS = YES;
				MTL_ENABLE_DEBUG_INFO = NO;
				MTL_FAST_MATH = YES;
				SDKROOT = iphoneos;
				SWIFT_COMPILATION_MODE = wholemodule;
				VALIDATE_PRODUCT = YES;
			};
			name = Release;
		};
		CD7CF0322CC0587200107079 /* Debug */ = {
			isa = XCBuildConfiguration;
			buildSettings = {
				ASSETCATALOG_COMPILER_APPICON_NAME = AppIcon;
				ASSETCATALOG_COMPILER_GLOBAL_ACCENT_COLOR_NAME = AccentColor;
				CODE_SIGN_STYLE = Automatic;
				CURRENT_PROJECT_VERSION = 1;
				DEVELOPMENT_ASSET_PATHS = "\"Hear2There/Preview Content\"";
				ENABLE_PREVIEWS = YES;
				GENERATE_INFOPLIST_FILE = YES;
				INFOPLIST_KEY_UIApplicationSceneManifest_Generation = YES;
				INFOPLIST_KEY_UIApplicationSupportsIndirectInputEvents = YES;
				INFOPLIST_KEY_UILaunchScreen_Generation = YES;
				INFOPLIST_KEY_UISupportedInterfaceOrientations_iPad = "UIInterfaceOrientationPortrait UIInterfaceOrientationPortraitUpsideDown UIInterfaceOrientationLandscapeLeft UIInterfaceOrientationLandscapeRight";
				INFOPLIST_KEY_UISupportedInterfaceOrientations_iPhone = "UIInterfaceOrientationPortrait UIInterfaceOrientationLandscapeLeft UIInterfaceOrientationLandscapeRight";
				LD_RUNPATH_SEARCH_PATHS = (
					"$(inherited)",
					"@executable_path/Frameworks",
				);
				MARKETING_VERSION = 1.0;
				PRODUCT_BUNDLE_IDENTIFIER = com.foresightar.Hear2There;
				PRODUCT_NAME = "$(TARGET_NAME)";
				SWIFT_EMIT_LOC_STRINGS = YES;
				SWIFT_VERSION = 5.0;
				TARGETED_DEVICE_FAMILY = "1,2";
			};
			name = Debug;
		};
		CD7CF0332CC0587200107079 /* Release */ = {
			isa = XCBuildConfiguration;
			buildSettings = {
				ASSETCATALOG_COMPILER_APPICON_NAME = AppIcon;
				ASSETCATALOG_COMPILER_GLOBAL_ACCENT_COLOR_NAME = AccentColor;
				CODE_SIGN_STYLE = Automatic;
				CURRENT_PROJECT_VERSION = 1;
				DEVELOPMENT_ASSET_PATHS = "\"Hear2There/Preview Content\"";
				ENABLE_PREVIEWS = YES;
				GENERATE_INFOPLIST_FILE = YES;
				INFOPLIST_KEY_UIApplicationSceneManifest_Generation = YES;
				INFOPLIST_KEY_UIApplicationSupportsIndirectInputEvents = YES;
				INFOPLIST_KEY_UILaunchScreen_Generation = YES;
				INFOPLIST_KEY_UISupportedInterfaceOrientations_iPad = "UIInterfaceOrientationPortrait UIInterfaceOrientationPortraitUpsideDown UIInterfaceOrientationLandscapeLeft UIInterfaceOrientationLandscapeRight";
				INFOPLIST_KEY_UISupportedInterfaceOrientations_iPhone = "UIInterfaceOrientationPortrait UIInterfaceOrientationLandscapeLeft UIInterfaceOrientationLandscapeRight";
				LD_RUNPATH_SEARCH_PATHS = (
					"$(inherited)",
					"@executable_path/Frameworks",
				);
				MARKETING_VERSION = 1.0;
				PRODUCT_BUNDLE_IDENTIFIER = com.foresightar.Hear2There;
				PRODUCT_NAME = "$(TARGET_NAME)";
				SWIFT_EMIT_LOC_STRINGS = YES;
				SWIFT_VERSION = 5.0;
				TARGETED_DEVICE_FAMILY = "1,2";
			};
			name = Release;
		};
		CD7CF0352CC0587200107079 /* Debug */ = {
			isa = XCBuildConfiguration;
			buildSettings = {
				ALWAYS_EMBED_SWIFT_STANDARD_LIBRARIES = YES;
				BUNDLE_LOADER = "$(TEST_HOST)";
				CODE_SIGN_STYLE = Automatic;
				CURRENT_PROJECT_VERSION = 1;
				GENERATE_INFOPLIST_FILE = YES;
				IPHONEOS_DEPLOYMENT_TARGET = 17.5;
				MARKETING_VERSION = 1.0;
				PRODUCT_BUNDLE_IDENTIFIER = com.foresightar.Hear2ThereTests;
				PRODUCT_NAME = "$(TARGET_NAME)";
				SWIFT_EMIT_LOC_STRINGS = NO;
				SWIFT_VERSION = 5.0;
				TARGETED_DEVICE_FAMILY = "1,2";
				TEST_HOST = "$(BUILT_PRODUCTS_DIR)/Hear2There.app/$(BUNDLE_EXECUTABLE_FOLDER_PATH)/Hear2There";
			};
			name = Debug;
		};
		CD7CF0362CC0587200107079 /* Release */ = {
			isa = XCBuildConfiguration;
			buildSettings = {
				ALWAYS_EMBED_SWIFT_STANDARD_LIBRARIES = YES;
				BUNDLE_LOADER = "$(TEST_HOST)";
				CODE_SIGN_STYLE = Automatic;
				CURRENT_PROJECT_VERSION = 1;
				GENERATE_INFOPLIST_FILE = YES;
				IPHONEOS_DEPLOYMENT_TARGET = 17.5;
				MARKETING_VERSION = 1.0;
				PRODUCT_BUNDLE_IDENTIFIER = com.foresightar.Hear2ThereTests;
				PRODUCT_NAME = "$(TARGET_NAME)";
				SWIFT_EMIT_LOC_STRINGS = NO;
				SWIFT_VERSION = 5.0;
				TARGETED_DEVICE_FAMILY = "1,2";
				TEST_HOST = "$(BUILT_PRODUCTS_DIR)/Hear2There.app/$(BUNDLE_EXECUTABLE_FOLDER_PATH)/Hear2There";
			};
			name = Release;
		};
		CD7CF0382CC0587200107079 /* Debug */ = {
			isa = XCBuildConfiguration;
			buildSettings = {
				ALWAYS_EMBED_SWIFT_STANDARD_LIBRARIES = YES;
				CODE_SIGN_STYLE = Automatic;
				CURRENT_PROJECT_VERSION = 1;
				GENERATE_INFOPLIST_FILE = YES;
				MARKETING_VERSION = 1.0;
				PRODUCT_BUNDLE_IDENTIFIER = com.foresightar.Hear2ThereUITests;
				PRODUCT_NAME = "$(TARGET_NAME)";
				SWIFT_EMIT_LOC_STRINGS = NO;
				SWIFT_VERSION = 5.0;
				TARGETED_DEVICE_FAMILY = "1,2";
				TEST_TARGET_NAME = Hear2There;
			};
			name = Debug;
		};
		CD7CF0392CC0587200107079 /* Release */ = {
			isa = XCBuildConfiguration;
			buildSettings = {
				ALWAYS_EMBED_SWIFT_STANDARD_LIBRARIES = YES;
				CODE_SIGN_STYLE = Automatic;
				CURRENT_PROJECT_VERSION = 1;
				GENERATE_INFOPLIST_FILE = YES;
				MARKETING_VERSION = 1.0;
				PRODUCT_BUNDLE_IDENTIFIER = com.foresightar.Hear2ThereUITests;
				PRODUCT_NAME = "$(TARGET_NAME)";
				SWIFT_EMIT_LOC_STRINGS = NO;
				SWIFT_VERSION = 5.0;
				TARGETED_DEVICE_FAMILY = "1,2";
				TEST_TARGET_NAME = Hear2There;
			};
			name = Release;
		};
/* End XCBuildConfiguration section */

/* Begin XCConfigurationList section */
		CD7CF0082CC0587200107079 /* Build configuration list for PBXProject "Hear2There" */ = {
			isa = XCConfigurationList;
			buildConfigurations = (
				CD7CF02F2CC0587200107079 /* Debug */,
				CD7CF0302CC0587200107079 /* Release */,
			);
			defaultConfigurationIsVisible = 0;
			defaultConfigurationName = Release;
		};
		CD7CF0312CC0587200107079 /* Build configuration list for PBXNativeTarget "Hear2There" */ = {
			isa = XCConfigurationList;
			buildConfigurations = (
				CD7CF0322CC0587200107079 /* Debug */,
				CD7CF0332CC0587200107079 /* Release */,
			);
			defaultConfigurationIsVisible = 0;
			defaultConfigurationName = Release;
		};
		CD7CF0342CC0587200107079 /* Build configuration list for PBXNativeTarget "Hear2ThereTests" */ = {
			isa = XCConfigurationList;
			buildConfigurations = (
				CD7CF0352CC0587200107079 /* Debug */,
				CD7CF0362CC0587200107079 /* Release */,
			);
			defaultConfigurationIsVisible = 0;
			defaultConfigurationName = Release;
		};
		CD7CF0372CC0587200107079 /* Build configuration list for PBXNativeTarget "Hear2ThereUITests" */ = {
			isa = XCConfigurationList;
			buildConfigurations = (
				CD7CF0382CC0587200107079 /* Debug */,
				CD7CF0392CC0587200107079 /* Release */,
			);
			defaultConfigurationIsVisible = 0;
			defaultConfigurationName = Release;
		};
/* End XCConfigurationList section */
	};
	rootObject = CD7CF0052CC0587200107079 /* Project object */;
}
