// !$*UTF8*$!
{
	archiveVersion = 1;
	classes = {
	};
	objectVersion = 56;
	objects = {

/* Begin PBXBuildFile section */
		CD7CF0112CC0587200107079 /* Hear2ThereApp.swift in Sources */ = {isa = PBXBuildFile; fileRef = CD7CF0102CC0587200107079 /* Hear2ThereApp.swift */; };
		CD7CF0132CC0587200107079 /* ContentView.swift in Sources */ = {isa = PBXBuildFile; fileRef = CD7CF0122CC0587200107079 /* ContentView.swift */; };
		CD7CF0152CC0587200107079 /* Assets.xcassets in Resources */ = {isa = PBXBuildFile; fileRef = CD7CF0142CC0587200107079 /* Assets.xcassets */; };
		CD7CF0182CC0587200107079 /* Preview Assets.xcassets in Resources */ = {isa = PBXBuildFile; fileRef = CD7CF0172CC0587200107079 /* Preview Assets.xcassets */; };
		CD7CF0222CC0587200107079 /* Hear2ThereTests.swift in Sources */ = {isa = PBXBuildFile; fileRef = CD7CF0212CC0587200107079 /* Hear2ThereTests.swift */; };
		CD7CF02C2CC0587200107079 /* Hear2ThereUITests.swift in Sources */ = {isa = PBXBuildFile; fileRef = CD7CF02B2CC0587200107079 /* Hear2ThereUITests.swift */; };
		CD7CF02E2CC0587200107079 /* Hear2ThereUITestsLaunchTests.swift in Sources */ = {isa = PBXBuildFile; fileRef = CD7CF02D2CC0587200107079 /* Hear2ThereUITestsLaunchTests.swift */; };
		CD7CF0422CC0589E00107079 /* Hear2ThereSDK.h in Headers */ = {isa = PBXBuildFile; fileRef = CD7CF0412CC0589E00107079 /* Hear2ThereSDK.h */; settings = {ATTRIBUTES = (Public, ); }; };
		CD7CF0452CC0589E00107079 /* Hear2ThereSDK.framework in Frameworks */ = {isa = PBXBuildFile; fileRef = CD7CF03F2CC0589E00107079 /* Hear2ThereSDK.framework */; };
		CD7CF0462CC0589E00107079 /* Hear2ThereSDK.framework in Embed Frameworks */ = {isa = PBXBuildFile; fileRef = CD7CF03F2CC0589E00107079 /* Hear2ThereSDK.framework */; settings = {ATTRIBUTES = (CodeSignOnCopy, RemoveHeadersOnCopy, ); }; };
		CD7CF0C42CC0595A00107079 /* BeaconManager.swift in Sources */ = {isa = PBXBuildFile; fileRef = CD7CF0BF2CC0595A00107079 /* BeaconManager.swift */; };
		CD7CF0C52CC0595A00107079 /* ButtonRecord.swift in Sources */ = {isa = PBXBuildFile; fileRef = CD7CF0C02CC0595A00107079 /* ButtonRecord.swift */; };
		CD7CF0C62CC0595A00107079 /* LighthouseRecord.swift in Sources */ = {isa = PBXBuildFile; fileRef = CD7CF0C12CC0595A00107079 /* LighthouseRecord.swift */; };
		CD7CF0C72CC0595A00107079 /* Hear2ThereAPIManager.swift in Sources */ = {isa = PBXBuildFile; fileRef = CD7CF0C22CC0595A00107079 /* Hear2ThereAPIManager.swift */; };
		CD7CF0C82CC0595A00107079 /* EddystoneScanner.h in Headers */ = {isa = PBXBuildFile; fileRef = CD7CF0C32CC0595A00107079 /* EddystoneScanner.h */; };
		CD7CF0D12CC0599400107079 /* EddystoneSDK.h in Headers */ = {isa = PBXBuildFile; fileRef = CD7CF0D02CC0599400107079 /* EddystoneSDK.h */; settings = {ATTRIBUTES = (Public, ); }; };
		CD7CF0D42CC0599400107079 /* EddystoneSDK.framework in Frameworks */ = {isa = PBXBuildFile; fileRef = CD7CF0CE2CC0599400107079 /* EddystoneSDK.framework */; };
		CD7CF0D52CC0599400107079 /* EddystoneSDK.framework in Embed Frameworks */ = {isa = PBXBuildFile; fileRef = CD7CF0CE2CC0599400107079 /* EddystoneSDK.framework */; settings = {ATTRIBUTES = (CodeSignOnCopy, RemoveHeadersOnCopy, ); }; };
		CD7CF0EB2CC059AB00107079 /* Util.swift in Sources */ = {isa = PBXBuildFile; fileRef = CD7CF0D92CC059AB00107079 /* Util.swift */; };
		CD7CF0EC2CC059AB00107079 /* BeaconID.swift in Sources */ = {isa = PBXBuildFile; fileRef = CD7CF0DA2CC059AB00107079 /* BeaconID.swift */; };
		CD7CF0ED2CC059AB00107079 /* DispatchTimer.swift in Sources */ = {isa = PBXBuildFile; fileRef = CD7CF0DB2CC059AB00107079 /* DispatchTimer.swift */; };
		CD7CF0EE2CC059AB00107079 /* SafeSet.swift in Sources */ = {isa = PBXBuildFile; fileRef = CD7CF0DC2CC059AB00107079 /* SafeSet.swift */; };
		CD7CF0EF2CC059AB00107079 /* RunningAverageFilter.swift in Sources */ = {isa = PBXBuildFile; fileRef = CD7CF0DD2CC059AB00107079 /* RunningAverageFilter.swift */; };
		CD7CF0F02CC059AB00107079 /* Beacon.swift in Sources */ = {isa = PBXBuildFile; fileRef = CD7CF0DE2CC059AB00107079 /* Beacon.swift */; };
		CD7CF0F12CC059AB00107079 /* RSSIFilter.swift in Sources */ = {isa = PBXBuildFile; fileRef = CD7CF0DF2CC059AB00107079 /* RSSIFilter.swift */; };
		CD7CF0F22CC059AB00107079 /* Constants.swift in Sources */ = {isa = PBXBuildFile; fileRef = CD7CF0E02CC059AB00107079 /* Constants.swift */; };
		CD7CF0F32CC059AB00107079 /* KalmanFilter.swift in Sources */ = {isa = PBXBuildFile; fileRef = CD7CF0E12CC059AB00107079 /* KalmanFilter.swift */; };
		CD7CF0F42CC059AB00107079 /* Telemetry.swift in Sources */ = {isa = PBXBuildFile; fileRef = CD7CF0E22CC059AB00107079 /* Telemetry.swift */; };
		CD7CF0F52CC059AB00107079 /* ARMAFilter.swift in Sources */ = {isa = PBXBuildFile; fileRef = CD7CF0E32CC059AB00107079 /* ARMAFilter.swift */; };
		CD7CF0F62CC059AB00107079 /* Eddystone.swift in Sources */ = {isa = PBXBuildFile; fileRef = CD7CF0E72CC059AB00107079 /* Eddystone.swift */; };
		CD7CF0F72CC059AB00107079 /* EddystoneSDK.h in Headers */ = {isa = PBXBuildFile; fileRef = CD7CF0E82CC059AB00107079 /* EddystoneSDK.h */; };
		CD7CF0F82CC059AB00107079 /* Scanner.swift in Sources */ = {isa = PBXBuildFile; fileRef = CD7CF0E92CC059AB00107079 /* Scanner.swift */; };
		CD7CF0F92CC059AB00107079 /* GaussianFilter.swift in Sources */ = {isa = PBXBuildFile; fileRef = CD7CF0EA2CC059AB00107079 /* GaussianFilter.swift */; };
		CD7CF0FB2CC059C300107079 /* EddystoneSDK.framework in Frameworks */ = {isa = PBXBuildFile; fileRef = CD7CF0CE2CC0599400107079 /* EddystoneSDK.framework */; };
		CD7CF0FC2CC059C300107079 /* EddystoneSDK.framework in Embed Frameworks */ = {isa = PBXBuildFile; fileRef = CD7CF0CE2CC0599400107079 /* EddystoneSDK.framework */; settings = {ATTRIBUTES = (CodeSignOnCopy, RemoveHeadersOnCopy, ); }; };
/* End PBXBuildFile section */

/* Begin PBXContainerItemProxy section */
		CD7CF01E2CC0587200107079 /* PBXContainerItemProxy */ = {
			isa = PBXContainerItemProxy;
			containerPortal = CD7CF0052CC0587200107079 /* Project object */;
			proxyType = 1;
			remoteGlobalIDString = CD7CF00C2CC0587200107079;
			remoteInfo = Hear2There;
		};
		CD7CF0282CC0587200107079 /* PBXContainerItemProxy */ = {
			isa = PBXContainerItemProxy;
			containerPortal = CD7CF0052CC0587200107079 /* Project object */;
			proxyType = 1;
			remoteGlobalIDString = CD7CF00C2CC0587200107079;
			remoteInfo = Hear2There;
		};
		CD7CF0432CC0589E00107079 /* PBXContainerItemProxy */ = {
			isa = PBXContainerItemProxy;
			containerPortal = CD7CF0052CC0587200107079 /* Project object */;
			proxyType = 1;
			remoteGlobalIDString = CD7CF03E2CC0589E00107079;
			remoteInfo = Hear2ThereSDK;
		};
		CD7CF0D22CC0599400107079 /* PBXContainerItemProxy */ = {
			isa = PBXContainerItemProxy;
			containerPortal = CD7CF0052CC0587200107079 /* Project object */;
			proxyType = 1;
			remoteGlobalIDString = CD7CF0CD2CC0599400107079;
			remoteInfo = EddystoneSDK;
		};
		CD7CF0FD2CC059C300107079 /* PBXContainerItemProxy */ = {
			isa = PBXContainerItemProxy;
			containerPortal = CD7CF0052CC0587200107079 /* Project object */;
			proxyType = 1;
			remoteGlobalIDString = CD7CF0CD2CC0599400107079;
			remoteInfo = EddystoneSDK;
		};
/* End PBXContainerItemProxy section */

/* Begin PBXCopyFilesBuildPhase section */
		CD7CF04A2CC0589E00107079 /* Embed Frameworks */ = {
			isa = PBXCopyFilesBuildPhase;
			buildActionMask = 2147483647;
			dstPath = "";
			dstSubfolderSpec = 10;
			files = (
				CD7CF0462CC0589E00107079 /* Hear2ThereSDK.framework in Embed Frameworks */,
				CD7CF0D52CC0599400107079 /* EddystoneSDK.framework in Embed Frameworks */,
			);
			name = "Embed Frameworks";
			runOnlyForDeploymentPostprocessing = 0;
		};
		CD7CF0FF2CC059C300107079 /* Embed Frameworks */ = {
			isa = PBXCopyFilesBuildPhase;
			buildActionMask = 2147483647;
			dstPath = "";
			dstSubfolderSpec = 10;
			files = (
				CD7CF0FC2CC059C300107079 /* EddystoneSDK.framework in Embed Frameworks */,
			);
			name = "Embed Frameworks";
			runOnlyForDeploymentPostprocessing = 0;
		};
/* End PBXCopyFilesBuildPhase section */

/* Begin PBXFileReference section */
		CD7CF00D2CC0587200107079 /* Hear2There.app */ = {isa = PBXFileReference; explicitFileType = wrapper.application; includeInIndex = 0; path = Hear2There.app; sourceTree = BUILT_PRODUCTS_DIR; };
		CD7CF0102CC0587200107079 /* Hear2ThereApp.swift */ = {isa = PBXFileReference; lastKnownFileType = sourcecode.swift; path = Hear2ThereApp.swift; sourceTree = "<group>"; };
		CD7CF0122CC0587200107079 /* ContentView.swift */ = {isa = PBXFileReference; lastKnownFileType = sourcecode.swift; path = ContentView.swift; sourceTree = "<group>"; };
		CD7CF0142CC0587200107079 /* Assets.xcassets */ = {isa = PBXFileReference; lastKnownFileType = folder.assetcatalog; path = Assets.xcassets; sourceTree = "<group>"; };
		CD7CF0172CC0587200107079 /* Preview Assets.xcassets */ = {isa = PBXFileReference; lastKnownFileType = folder.assetcatalog; path = "Preview Assets.xcassets"; sourceTree = "<group>"; };
		CD7CF01D2CC0587200107079 /* Hear2ThereTests.xctest */ = {isa = PBXFileReference; explicitFileType = wrapper.cfbundle; includeInIndex = 0; path = Hear2ThereTests.xctest; sourceTree = BUILT_PRODUCTS_DIR; };
		CD7CF0212CC0587200107079 /* Hear2ThereTests.swift */ = {isa = PBXFileReference; lastKnownFileType = sourcecode.swift; path = Hear2ThereTests.swift; sourceTree = "<group>"; };
		CD7CF0272CC0587200107079 /* Hear2ThereUITests.xctest */ = {isa = PBXFileReference; explicitFileType = wrapper.cfbundle; includeInIndex = 0; path = Hear2ThereUITests.xctest; sourceTree = BUILT_PRODUCTS_DIR; };
		CD7CF02B2CC0587200107079 /* Hear2ThereUITests.swift */ = {isa = PBXFileReference; lastKnownFileType = sourcecode.swift; path = Hear2ThereUITests.swift; sourceTree = "<group>"; };
		CD7CF02D2CC0587200107079 /* Hear2ThereUITestsLaunchTests.swift */ = {isa = PBXFileReference; lastKnownFileType = sourcecode.swift; path = Hear2ThereUITestsLaunchTests.swift; sourceTree = "<group>"; };
		CD7CF03F2CC0589E00107079 /* Hear2ThereSDK.framework */ = {isa = PBXFileReference; explicitFileType = wrapper.framework; includeInIndex = 0; path = Hear2ThereSDK.framework; sourceTree = BUILT_PRODUCTS_DIR; };
		CD7CF0412CC0589E00107079 /* Hear2ThereSDK.h */ = {isa = PBXFileReference; lastKnownFileType = sourcecode.c.h; path = Hear2ThereSDK.h; sourceTree = "<group>"; };
		CD7CF0BF2CC0595A00107079 /* BeaconManager.swift */ = {isa = PBXFileReference; fileEncoding = 4; lastKnownFileType = sourcecode.swift; path = BeaconManager.swift; sourceTree = "<group>"; };
		CD7CF0C02CC0595A00107079 /* ButtonRecord.swift */ = {isa = PBXFileReference; fileEncoding = 4; lastKnownFileType = sourcecode.swift; path = ButtonRecord.swift; sourceTree = "<group>"; };
		CD7CF0C12CC0595A00107079 /* LighthouseRecord.swift */ = {isa = PBXFileReference; fileEncoding = 4; lastKnownFileType = sourcecode.swift; path = LighthouseRecord.swift; sourceTree = "<group>"; };
		CD7CF0C22CC0595A00107079 /* Hear2ThereAPIManager.swift */ = {isa = PBXFileReference; fileEncoding = 4; lastKnownFileType = sourcecode.swift; path = Hear2ThereAPIManager.swift; sourceTree = "<group>"; };
		CD7CF0C32CC0595A00107079 /* EddystoneScanner.h */ = {isa = PBXFileReference; fileEncoding = 4; lastKnownFileType = sourcecode.c.h; path = EddystoneScanner.h; sourceTree = "<group>"; };
		CD7CF0CE2CC0599400107079 /* EddystoneSDK.framework */ = {isa = PBXFileReference; explicitFileType = wrapper.framework; includeInIndex = 0; path = EddystoneSDK.framework; sourceTree = BUILT_PRODUCTS_DIR; };
		CD7CF0D02CC0599400107079 /* EddystoneSDK.h */ = {isa = PBXFileReference; lastKnownFileType = sourcecode.c.h; path = EddystoneSDK.h; sourceTree = "<group>"; };
		CD7CF0D92CC059AB00107079 /* Util.swift */ = {isa = PBXFileReference; fileEncoding = 4; lastKnownFileType = sourcecode.swift; path = Util.swift; sourceTree = "<group>"; };
		CD7CF0DA2CC059AB00107079 /* BeaconID.swift */ = {isa = PBXFileReference; fileEncoding = 4; lastKnownFileType = sourcecode.swift; path = BeaconID.swift; sourceTree = "<group>"; };
		CD7CF0DB2CC059AB00107079 /* DispatchTimer.swift */ = {isa = PBXFileReference; fileEncoding = 4; lastKnownFileType = sourcecode.swift; path = DispatchTimer.swift; sourceTree = "<group>"; };
		CD7CF0DC2CC059AB00107079 /* SafeSet.swift */ = {isa = PBXFileReference; fileEncoding = 4; lastKnownFileType = sourcecode.swift; path = SafeSet.swift; sourceTree = "<group>"; };
		CD7CF0DD2CC059AB00107079 /* RunningAverageFilter.swift */ = {isa = PBXFileReference; fileEncoding = 4; lastKnownFileType = sourcecode.swift; path = RunningAverageFilter.swift; sourceTree = "<group>"; };
		CD7CF0DE2CC059AB00107079 /* Beacon.swift */ = {isa = PBXFileReference; fileEncoding = 4; lastKnownFileType = sourcecode.swift; path = Beacon.swift; sourceTree = "<group>"; };
		CD7CF0DF2CC059AB00107079 /* RSSIFilter.swift */ = {isa = PBXFileReference; fileEncoding = 4; lastKnownFileType = sourcecode.swift; path = RSSIFilter.swift; sourceTree = "<group>"; };
		CD7CF0E02CC059AB00107079 /* Constants.swift */ = {isa = PBXFileReference; fileEncoding = 4; lastKnownFileType = sourcecode.swift; path = Constants.swift; sourceTree = "<group>"; };
		CD7CF0E12CC059AB00107079 /* KalmanFilter.swift */ = {isa = PBXFileReference; fileEncoding = 4; lastKnownFileType = sourcecode.swift; path = KalmanFilter.swift; sourceTree = "<group>"; };
		CD7CF0E22CC059AB00107079 /* Telemetry.swift */ = {isa = PBXFileReference; fileEncoding = 4; lastKnownFileType = sourcecode.swift; path = Telemetry.swift; sourceTree = "<group>"; };
		CD7CF0E32CC059AB00107079 /* ARMAFilter.swift */ = {isa = PBXFileReference; fileEncoding = 4; lastKnownFileType = sourcecode.swift; path = ARMAFilter.swift; sourceTree = "<group>"; };
		CD7CF0E72CC059AB00107079 /* Eddystone.swift */ = {isa = PBXFileReference; fileEncoding = 4; lastKnownFileType = sourcecode.swift; path = Eddystone.swift; sourceTree = "<group>"; };
		CD7CF0E82CC059AB00107079 /* EddystoneSDK.h */ = {isa = PBXFileReference; fileEncoding = 4; lastKnownFileType = sourcecode.c.h; name = EddystoneSDK.h; path = ../../../HereToThereDemo/EddystoneSDK/EddystoneSDK.h; sourceTree = "<group>"; };
		CD7CF0E92CC059AB00107079 /* Scanner.swift */ = {isa = PBXFileReference; fileEncoding = 4; lastKnownFileType = sourcecode.swift; path = Scanner.swift; sourceTree = "<group>"; };
		CD7CF0EA2CC059AB00107079 /* GaussianFilter.swift */ = {isa = PBXFileReference; fileEncoding = 4; lastKnownFileType = sourcecode.swift; path = GaussianFilter.swift; sourceTree = "<group>"; };
/* End PBXFileReference section */

/* Begin PBXFrameworksBuildPhase section */
		CD7CF00A2CC0587200107079 /* Frameworks */ = {
			isa = PBXFrameworksBuildPhase;
			buildActionMask = 2147483647;
			files = (
				CD7CF0452CC0589E00107079 /* Hear2ThereSDK.framework in Frameworks */,
				CD7CF0D42CC0599400107079 /* EddystoneSDK.framework in Frameworks */,
			);
			runOnlyForDeploymentPostprocessing = 0;
		};
		CD7CF01A2CC0587200107079 /* Frameworks */ = {
			isa = PBXFrameworksBuildPhase;
			buildActionMask = 2147483647;
			files = (
			);
			runOnlyForDeploymentPostprocessing = 0;
		};
		CD7CF0242CC0587200107079 /* Frameworks */ = {
			isa = PBXFrameworksBuildPhase;
			buildActionMask = 2147483647;
			files = (
			);
			runOnlyForDeploymentPostprocessing = 0;
		};
		CD7CF03C2CC0589E00107079 /* Frameworks */ = {
			isa = PBXFrameworksBuildPhase;
			buildActionMask = 2147483647;
			files = (
				CD7CF0FB2CC059C300107079 /* EddystoneSDK.framework in Frameworks */,
			);
			runOnlyForDeploymentPostprocessing = 0;
		};
		CD7CF0CB2CC0599400107079 /* Frameworks */ = {
			isa = PBXFrameworksBuildPhase;
			buildActionMask = 2147483647;
			files = (
			);
			runOnlyForDeploymentPostprocessing = 0;
		};
/* End PBXFrameworksBuildPhase section */

/* Begin PBXGroup section */
		CD7CF0042CC0587200107079 = {
			isa = PBXGroup;
			children = (
				CD7CF00F2CC0587200107079 /* Hear2There */,
				CD7CF0202CC0587200107079 /* Hear2ThereTests */,
				CD7CF02A2CC0587200107079 /* Hear2ThereUITests */,
				CD7CF0402CC0589E00107079 /* Hear2ThereSDK */,
				CD7CF0CF2CC0599400107079 /* EddystoneSDK */,
				CD7CF00E2CC0587200107079 /* Products */,
				CD7CF0FA2CC059C300107079 /* Frameworks */,
			);
			sourceTree = "<group>";
		};
		CD7CF00E2CC0587200107079 /* Products */ = {
			isa = PBXGroup;
			children = (
				CD7CF00D2CC0587200107079 /* Hear2There.app */,
				CD7CF01D2CC0587200107079 /* Hear2ThereTests.xctest */,
				CD7CF0272CC0587200107079 /* Hear2ThereUITests.xctest */,
				CD7CF03F2CC0589E00107079 /* Hear2ThereSDK.framework */,
				CD7CF0CE2CC0599400107079 /* EddystoneSDK.framework */,
			);
			name = Products;
			sourceTree = "<group>";
		};
		CD7CF00F2CC0587200107079 /* Hear2There */ = {
			isa = PBXGroup;
			children = (
				CD7CF0102CC0587200107079 /* Hear2ThereApp.swift */,
				CD7CF0122CC0587200107079 /* ContentView.swift */,
				CD7CF0142CC0587200107079 /* Assets.xcassets */,
				CD7CF0162CC0587200107079 /* Preview Content */,
			);
			path = Hear2There;
			sourceTree = "<group>";
		};
		CD7CF0162CC0587200107079 /* Preview Content */ = {
			isa = PBXGroup;
			children = (
				CD7CF0172CC0587200107079 /* Preview Assets.xcassets */,
			);
			path = "Preview Content";
			sourceTree = "<group>";
		};
		CD7CF0202CC0587200107079 /* Hear2ThereTests */ = {
			isa = PBXGroup;
			children = (
				CD7CF0212CC0587200107079 /* Hear2ThereTests.swift */,
			);
			path = Hear2ThereTests;
			sourceTree = "<group>";
		};
		CD7CF02A2CC0587200107079 /* Hear2ThereUITests */ = {
			isa = PBXGroup;
			children = (
				CD7CF02B2CC0587200107079 /* Hear2ThereUITests.swift */,
				CD7CF02D2CC0587200107079 /* Hear2ThereUITestsLaunchTests.swift */,
			);
			path = Hear2ThereUITests;
			sourceTree = "<group>";
		};
		CD7CF0402CC0589E00107079 /* Hear2ThereSDK */ = {
			isa = PBXGroup;
			children = (
				CD7CF0BF2CC0595A00107079 /* BeaconManager.swift */,
				CD7CF0C02CC0595A00107079 /* ButtonRecord.swift */,
				CD7CF0C32CC0595A00107079 /* EddystoneScanner.h */,
				CD7CF0C22CC0595A00107079 /* Hear2ThereAPIManager.swift */,
				CD7CF0C12CC0595A00107079 /* LighthouseRecord.swift */,
				CD7CF0412CC0589E00107079 /* Hear2ThereSDK.h */,
			);
			path = Hear2ThereSDK;
			sourceTree = "<group>";
		};
		CD7CF0CF2CC0599400107079 /* EddystoneSDK */ = {
			isa = PBXGroup;
			children = (
				CD7CF0E32CC059AB00107079 /* ARMAFilter.swift */,
				CD7CF0DE2CC059AB00107079 /* Beacon.swift */,
				CD7CF0DA2CC059AB00107079 /* BeaconID.swift */,
				CD7CF0E02CC059AB00107079 /* Constants.swift */,
				CD7CF0DB2CC059AB00107079 /* DispatchTimer.swift */,
				CD7CF0E72CC059AB00107079 /* Eddystone.swift */,
				CD7CF0E62CC059AB00107079 /* EddystoneRFC */,
				CD7CF0E82CC059AB00107079 /* EddystoneSDK.h */,
				CD7CF0EA2CC059AB00107079 /* GaussianFilter.swift */,
				CD7CF0E12CC059AB00107079 /* KalmanFilter.swift */,
				CD7CF0DF2CC059AB00107079 /* RSSIFilter.swift */,
				CD7CF0DD2CC059AB00107079 /* RunningAverageFilter.swift */,
				CD7CF0DC2CC059AB00107079 /* SafeSet.swift */,
				CD7CF0E92CC059AB00107079 /* Scanner.swift */,
				CD7CF0E22CC059AB00107079 /* Telemetry.swift */,
				CD7CF0D92CC059AB00107079 /* Util.swift */,
				CD7CF0D02CC0599400107079 /* EddystoneSDK.h */,
			);
			path = EddystoneSDK;
			sourceTree = "<group>";
		};
		CD7CF0E42CC059AB00107079 /* Models */ = {
			isa = PBXGroup;
			children = (
			);
			path = Models;
			sourceTree = "<group>";
		};
		CD7CF0E52CC059AB00107079 /* RSSIFilters */ = {
			isa = PBXGroup;
			children = (
			);
			path = RSSIFilters;
			sourceTree = "<group>";
		};
		CD7CF0E62CC059AB00107079 /* EddystoneRFC */ = {
			isa = PBXGroup;
			children = (
				CD7CF0E42CC059AB00107079 /* Models */,
				CD7CF0E52CC059AB00107079 /* RSSIFilters */,
			);
			path = EddystoneRFC;
			sourceTree = "<group>";
		};
		CD7CF0FA2CC059C300107079 /* Frameworks */ = {
			isa = PBXGroup;
			children = (
			);
			name = Frameworks;
			sourceTree = "<group>";
		};
/* End PBXGroup section */

/* Begin PBXHeadersBuildPhase section */
		CD7CF03A2CC0589E00107079 /* Headers */ = {
			isa = PBXHeadersBuildPhase;
			buildActionMask = 2147483647;
			files = (
				CD7CF0422CC0589E00107079 /* Hear2ThereSDK.h in Headers */,
				CD7CF0C82CC0595A00107079 /* EddystoneScanner.h in Headers */,
			);
			runOnlyForDeploymentPostprocessing = 0;
		};
		CD7CF0C92CC0599400107079 /* Headers */ = {
			isa = PBXHeadersBuildPhase;
			buildActionMask = 2147483647;
			files = (
				CD7CF0D12CC0599400107079 /* EddystoneSDK.h in Headers */,
				CD7CF0F72CC059AB00107079 /* EddystoneSDK.h in Headers */,
			);
			runOnlyForDeploymentPostprocessing = 0;
		};
/* End PBXHeadersBuildPhase section */

/* Begin PBXNativeTarget section */
		CD7CF00C2CC0587200107079 /* Hear2There */ = {
			isa = PBXNativeTarget;
			buildConfigurationList = CD7CF0312CC0587200107079 /* Build configuration list for PBXNativeTarget "Hear2There" */;
			buildPhases = (
				CD7CF0092CC0587200107079 /* Sources */,
				CD7CF00A2CC0587200107079 /* Frameworks */,
				CD7CF00B2CC0587200107079 /* Resources */,
				CD7CF04A2CC0589E00107079 /* Embed Frameworks */,
			);
			buildRules = (
			);
			dependencies = (
				CD7CF0442CC0589E00107079 /* PBXTargetDependency */,
				CD7CF0D32CC0599400107079 /* PBXTargetDependency */,
			);
			name = Hear2There;
			productName = Hear2There;
			productReference = CD7CF00D2CC0587200107079 /* Hear2There.app */;
			productType = "com.apple.product-type.application";
		};
		CD7CF01C2CC0587200107079 /* Hear2ThereTests */ = {
			isa = PBXNativeTarget;
			buildConfigurationList = CD7CF0342CC0587200107079 /* Build configuration list for PBXNativeTarget "Hear2ThereTests" */;
			buildPhases = (
				CD7CF0192CC0587200107079 /* Sources */,
				CD7CF01A2CC0587200107079 /* Frameworks */,
				CD7CF01B2CC0587200107079 /* Resources */,
			);
			buildRules = (
			);
			dependencies = (
				CD7CF01F2CC0587200107079 /* PBXTargetDependency */,
			);
			name = Hear2ThereTests;
			productName = Hear2ThereTests;
			productReference = CD7CF01D2CC0587200107079 /* Hear2ThereTests.xctest */;
			productType = "com.apple.product-type.bundle.unit-test";
		};
		CD7CF0262CC0587200107079 /* Hear2ThereUITests */ = {
			isa = PBXNativeTarget;
			buildConfigurationList = CD7CF0372CC0587200107079 /* Build configuration list for PBXNativeTarget "Hear2ThereUITests" */;
			buildPhases = (
				CD7CF0232CC0587200107079 /* Sources */,
				CD7CF0242CC0587200107079 /* Frameworks */,
				CD7CF0252CC0587200107079 /* Resources */,
			);
			buildRules = (
			);
			dependencies = (
				CD7CF0292CC0587200107079 /* PBXTargetDependency */,
			);
			name = Hear2ThereUITests;
			productName = Hear2ThereUITests;
			productReference = CD7CF0272CC0587200107079 /* Hear2ThereUITests.xctest */;
			productType = "com.apple.product-type.bundle.ui-testing";
		};
		CD7CF03E2CC0589E00107079 /* Hear2ThereSDK */ = {
			isa = PBXNativeTarget;
			buildConfigurationList = CD7CF0472CC0589E00107079 /* Build configuration list for PBXNativeTarget "Hear2ThereSDK" */;
			buildPhases = (
				CD7CF03A2CC0589E00107079 /* Headers */,
				CD7CF03B2CC0589E00107079 /* Sources */,
				CD7CF03C2CC0589E00107079 /* Frameworks */,
				CD7CF03D2CC0589E00107079 /* Resources */,
				CD7CF0FF2CC059C300107079 /* Embed Frameworks */,
			);
			buildRules = (
			);
			dependencies = (
				CD7CF0FE2CC059C300107079 /* PBXTargetDependency */,
			);
			name = Hear2ThereSDK;
			productName = Hear2ThereSDK;
			productReference = CD7CF03F2CC0589E00107079 /* Hear2ThereSDK.framework */;
			productType = "com.apple.product-type.framework";
		};
		CD7CF0CD2CC0599400107079 /* EddystoneSDK */ = {
			isa = PBXNativeTarget;
			buildConfigurationList = CD7CF0D62CC0599400107079 /* Build configuration list for PBXNativeTarget "EddystoneSDK" */;
			buildPhases = (
				CD7CF0C92CC0599400107079 /* Headers */,
				CD7CF0CA2CC0599400107079 /* Sources */,
				CD7CF0CB2CC0599400107079 /* Frameworks */,
				CD7CF0CC2CC0599400107079 /* Resources */,
			);
			buildRules = (
			);
			dependencies = (
			);
			name = EddystoneSDK;
			productName = EddystoneSDK;
			productReference = CD7CF0CE2CC0599400107079 /* EddystoneSDK.framework */;
			productType = "com.apple.product-type.framework";
		};
/* End PBXNativeTarget section */

/* Begin PBXProject section */
		CD7CF0052CC0587200107079 /* Project object */ = {
			isa = PBXProject;
			attributes = {
				BuildIndependentTargetsInParallel = 1;
				LastSwiftUpdateCheck = 1540;
				LastUpgradeCheck = 1540;
				TargetAttributes = {
					CD7CF00C2CC0587200107079 = {
						CreatedOnToolsVersion = 15.4;
					};
					CD7CF01C2CC0587200107079 = {
						CreatedOnToolsVersion = 15.4;
						TestTargetID = CD7CF00C2CC0587200107079;
					};
					CD7CF0262CC0587200107079 = {
						CreatedOnToolsVersion = 15.4;
						TestTargetID = CD7CF00C2CC0587200107079;
					};
					CD7CF03E2CC0589E00107079 = {
						CreatedOnToolsVersion = 15.4;
					};
					CD7CF0CD2CC0599400107079 = {
						CreatedOnToolsVersion = 15.4;
						LastSwiftMigration = 1540;
					};
				};
			};
			buildConfigurationList = CD7CF0082CC0587200107079 /* Build configuration list for PBXProject "Hear2There" */;
			compatibilityVersion = "Xcode 14.0";
			developmentRegion = en;
			hasScannedForEncodings = 0;
			knownRegions = (
				en,
				Base,
			);
			mainGroup = CD7CF0042CC0587200107079;
			productRefGroup = CD7CF00E2CC0587200107079 /* Products */;
			projectDirPath = "";
			projectRoot = "";
			targets = (
				CD7CF00C2CC0587200107079 /* Hear2There */,
				CD7CF01C2CC0587200107079 /* Hear2ThereTests */,
				CD7CF0262CC0587200107079 /* Hear2ThereUITests */,
				CD7CF03E2CC0589E00107079 /* Hear2ThereSDK */,
				CD7CF0CD2CC0599400107079 /* EddystoneSDK */,
			);
		};
/* End PBXProject section */

/* Begin PBXResourcesBuildPhase section */
		CD7CF00B2CC0587200107079 /* Resources */ = {
			isa = PBXResourcesBuildPhase;
			buildActionMask = 2147483647;
			files = (
				CD7CF0182CC0587200107079 /* Preview Assets.xcassets in Resources */,
				CD7CF0152CC0587200107079 /* Assets.xcassets in Resources */,
			);
			runOnlyForDeploymentPostprocessing = 0;
		};
		CD7CF01B2CC0587200107079 /* Resources */ = {
			isa = PBXResourcesBuildPhase;
			buildActionMask = 2147483647;
			files = (
			);
			runOnlyForDeploymentPostprocessing = 0;
		};
		CD7CF0252CC0587200107079 /* Resources */ = {
			isa = PBXResourcesBuildPhase;
			buildActionMask = 2147483647;
			files = (
			);
			runOnlyForDeploymentPostprocessing = 0;
		};
		CD7CF03D2CC0589E00107079 /* Resources */ = {
			isa = PBXResourcesBuildPhase;
			buildActionMask = 2147483647;
			files = (
			);
			runOnlyForDeploymentPostprocessing = 0;
		};
		CD7CF0CC2CC0599400107079 /* Resources */ = {
			isa = PBXResourcesBuildPhase;
			buildActionMask = 2147483647;
			files = (
			);
			runOnlyForDeploymentPostprocessing = 0;
		};
/* End PBXResourcesBuildPhase section */

/* Begin PBXSourcesBuildPhase section */
		CD7CF0092CC0587200107079 /* Sources */ = {
			isa = PBXSourcesBuildPhase;
			buildActionMask = 2147483647;
			files = (
				CD7CF0132CC0587200107079 /* ContentView.swift in Sources */,
				CD7CF0112CC0587200107079 /* Hear2ThereApp.swift in Sources */,
			);
			runOnlyForDeploymentPostprocessing = 0;
		};
		CD7CF0192CC0587200107079 /* Sources */ = {
			isa = PBXSourcesBuildPhase;
			buildActionMask = 2147483647;
			files = (
				CD7CF0222CC0587200107079 /* Hear2ThereTests.swift in Sources */,
			);
			runOnlyForDeploymentPostprocessing = 0;
		};
		CD7CF0232CC0587200107079 /* Sources */ = {
			isa = PBXSourcesBuildPhase;
			buildActionMask = 2147483647;
			files = (
				CD7CF02E2CC0587200107079 /* Hear2ThereUITestsLaunchTests.swift in Sources */,
				CD7CF02C2CC0587200107079 /* Hear2ThereUITests.swift in Sources */,
			);
			runOnlyForDeploymentPostprocessing = 0;
		};
		CD7CF03B2CC0589E00107079 /* Sources */ = {
			isa = PBXSourcesBuildPhase;
			buildActionMask = 2147483647;
			files = (
				CD7CF0C42CC0595A00107079 /* BeaconManager.swift in Sources */,
				CD7CF0C52CC0595A00107079 /* ButtonRecord.swift in Sources */,
				CD7CF0C62CC0595A00107079 /* LighthouseRecord.swift in Sources */,
				CD7CF0C72CC0595A00107079 /* Hear2ThereAPIManager.swift in Sources */,
			);
			runOnlyForDeploymentPostprocessing = 0;
		};
		CD7CF0CA2CC0599400107079 /* Sources */ = {
			isa = PBXSourcesBuildPhase;
			buildActionMask = 2147483647;
			files = (
				CD7CF0F32CC059AB00107079 /* KalmanFilter.swift in Sources */,
				CD7CF0EC2CC059AB00107079 /* BeaconID.swift in Sources */,
				CD7CF0F52CC059AB00107079 /* ARMAFilter.swift in Sources */,
				CD7CF0F12CC059AB00107079 /* RSSIFilter.swift in Sources */,
				CD7CF0F42CC059AB00107079 /* Telemetry.swift in Sources */,
				CD7CF0ED2CC059AB00107079 /* DispatchTimer.swift in Sources */,
				CD7CF0F82CC059AB00107079 /* Scanner.swift in Sources */,
				CD7CF0EF2CC059AB00107079 /* RunningAverageFilter.swift in Sources */,
				CD7CF0EB2CC059AB00107079 /* Util.swift in Sources */,
				CD7CF0EE2CC059AB00107079 /* SafeSet.swift in Sources */,
				CD7CF0F92CC059AB00107079 /* GaussianFilter.swift in Sources */,
				CD7CF0F62CC059AB00107079 /* Eddystone.swift in Sources */,
				CD7CF0F02CC059AB00107079 /* Beacon.swift in Sources */,
				CD7CF0F22CC059AB00107079 /* Constants.swift in Sources */,
			);
			runOnlyForDeploymentPostprocessing = 0;
		};
/* End PBXSourcesBuildPhase section */

/* Begin PBXTargetDependency section */
		CD7CF01F2CC0587200107079 /* PBXTargetDependency */ = {
			isa = PBXTargetDependency;
			target = CD7CF00C2CC0587200107079 /* Hear2There */;
			targetProxy = CD7CF01E2CC0587200107079 /* PBXContainerItemProxy */;
		};
		CD7CF0292CC0587200107079 /* PBXTargetDependency */ = {
			isa = PBXTargetDependency;
			target = CD7CF00C2CC0587200107079 /* Hear2There */;
			targetProxy = CD7CF0282CC0587200107079 /* PBXContainerItemProxy */;
		};
		CD7CF0442CC0589E00107079 /* PBXTargetDependency */ = {
			isa = PBXTargetDependency;
			target = CD7CF03E2CC0589E00107079 /* Hear2ThereSDK */;
			targetProxy = CD7CF0432CC0589E00107079 /* PBXContainerItemProxy */;
		};
		CD7CF0D32CC0599400107079 /* PBXTargetDependency */ = {
			isa = PBXTargetDependency;
			target = CD7CF0CD2CC0599400107079 /* EddystoneSDK */;
			targetProxy = CD7CF0D22CC0599400107079 /* PBXContainerItemProxy */;
		};
		CD7CF0FE2CC059C300107079 /* PBXTargetDependency */ = {
			isa = PBXTargetDependency;
			target = CD7CF0CD2CC0599400107079 /* EddystoneSDK */;
			targetProxy = CD7CF0FD2CC059C300107079 /* PBXContainerItemProxy */;
		};
/* End PBXTargetDependency section */

/* Begin XCBuildConfiguration section */
		CD7CF02F2CC0587200107079 /* Debug */ = {
			isa = XCBuildConfiguration;
			buildSettings = {
				ALWAYS_SEARCH_USER_PATHS = NO;
				ASSETCATALOG_COMPILER_GENERATE_SWIFT_ASSET_SYMBOL_EXTENSIONS = YES;
				CLANG_ANALYZER_NONNULL = YES;
				CLANG_ANALYZER_NUMBER_OBJECT_CONVERSION = YES_AGGRESSIVE;
				CLANG_CXX_LANGUAGE_STANDARD = "gnu++20";
				CLANG_ENABLE_MODULES = YES;
				CLANG_ENABLE_OBJC_ARC = YES;
				CLANG_ENABLE_OBJC_WEAK = YES;
				CLANG_WARN_BLOCK_CAPTURE_AUTORELEASING = YES;
				CLANG_WARN_BOOL_CONVERSION = YES;
				CLANG_WARN_COMMA = YES;
				CLANG_WARN_CONSTANT_CONVERSION = YES;
				CLANG_WARN_DEPRECATED_OBJC_IMPLEMENTATIONS = YES;
				CLANG_WARN_DIRECT_OBJC_ISA_USAGE = YES_ERROR;
				CLANG_WARN_DOCUMENTATION_COMMENTS = YES;
				CLANG_WARN_EMPTY_BODY = YES;
				CLANG_WARN_ENUM_CONVERSION = YES;
				CLANG_WARN_INFINITE_RECURSION = YES;
				CLANG_WARN_INT_CONVERSION = YES;
				CLANG_WARN_NON_LITERAL_NULL_CONVERSION = YES;
				CLANG_WARN_OBJC_IMPLICIT_RETAIN_SELF = YES;
				CLANG_WARN_OBJC_LITERAL_CONVERSION = YES;
				CLANG_WARN_OBJC_ROOT_CLASS = YES_ERROR;
				CLANG_WARN_QUOTED_INCLUDE_IN_FRAMEWORK_HEADER = YES;
				CLANG_WARN_RANGE_LOOP_ANALYSIS = YES;
				CLANG_WARN_STRICT_PROTOTYPES = YES;
				CLANG_WARN_SUSPICIOUS_MOVE = YES;
				CLANG_WARN_UNGUARDED_AVAILABILITY = YES_AGGRESSIVE;
				CLANG_WARN_UNREACHABLE_CODE = YES;
				CLANG_WARN__DUPLICATE_METHOD_MATCH = YES;
				COPY_PHASE_STRIP = NO;
				DEBUG_INFORMATION_FORMAT = dwarf;
				ENABLE_STRICT_OBJC_MSGSEND = YES;
				ENABLE_TESTABILITY = YES;
				ENABLE_USER_SCRIPT_SANDBOXING = YES;
				GCC_C_LANGUAGE_STANDARD = gnu17;
				GCC_DYNAMIC_NO_PIC = NO;
				GCC_NO_COMMON_BLOCKS = YES;
				GCC_OPTIMIZATION_LEVEL = 0;
				GCC_PREPROCESSOR_DEFINITIONS = (
					"DEBUG=1",
					"$(inherited)",
				);
				GCC_WARN_64_TO_32_BIT_CONVERSION = YES;
				GCC_WARN_ABOUT_RETURN_TYPE = YES_ERROR;
				GCC_WARN_UNDECLARED_SELECTOR = YES;
				GCC_WARN_UNINITIALIZED_AUTOS = YES_AGGRESSIVE;
				GCC_WARN_UNUSED_FUNCTION = YES;
				GCC_WARN_UNUSED_VARIABLE = YES;
				IPHONEOS_DEPLOYMENT_TARGET = 17.5;
				LOCALIZATION_PREFERS_STRING_CATALOGS = YES;
				MTL_ENABLE_DEBUG_INFO = INCLUDE_SOURCE;
				MTL_FAST_MATH = YES;
				ONLY_ACTIVE_ARCH = YES;
				SDKROOT = iphoneos;
				SWIFT_ACTIVE_COMPILATION_CONDITIONS = "DEBUG $(inherited)";
				SWIFT_OPTIMIZATION_LEVEL = "-Onone";
			};
			name = Debug;
		};
		CD7CF0302CC0587200107079 /* Release */ = {
			isa = XCBuildConfiguration;
			buildSettings = {
				ALWAYS_SEARCH_USER_PATHS = NO;
				ASSETCATALOG_COMPILER_GENERATE_SWIFT_ASSET_SYMBOL_EXTENSIONS = YES;
				CLANG_ANALYZER_NONNULL = YES;
				CLANG_ANALYZER_NUMBER_OBJECT_CONVERSION = YES_AGGRESSIVE;
				CLANG_CXX_LANGUAGE_STANDARD = "gnu++20";
				CLANG_ENABLE_MODULES = YES;
				CLANG_ENABLE_OBJC_ARC = YES;
				CLANG_ENABLE_OBJC_WEAK = YES;
				CLANG_WARN_BLOCK_CAPTURE_AUTORELEASING = YES;
				CLANG_WARN_BOOL_CONVERSION = YES;
				CLANG_WARN_COMMA = YES;
				CLANG_WARN_CONSTANT_CONVERSION = YES;
				CLANG_WARN_DEPRECATED_OBJC_IMPLEMENTATIONS = YES;
				CLANG_WARN_DIRECT_OBJC_ISA_USAGE = YES_ERROR;
				CLANG_WARN_DOCUMENTATION_COMMENTS = YES;
				CLANG_WARN_EMPTY_BODY = YES;
				CLANG_WARN_ENUM_CONVERSION = YES;
				CLANG_WARN_INFINITE_RECURSION = YES;
				CLANG_WARN_INT_CONVERSION = YES;
				CLANG_WARN_NON_LITERAL_NULL_CONVERSION = YES;
				CLANG_WARN_OBJC_IMPLICIT_RETAIN_SELF = YES;
				CLANG_WARN_OBJC_LITERAL_CONVERSION = YES;
				CLANG_WARN_OBJC_ROOT_CLASS = YES_ERROR;
				CLANG_WARN_QUOTED_INCLUDE_IN_FRAMEWORK_HEADER = YES;
				CLANG_WARN_RANGE_LOOP_ANALYSIS = YES;
				CLANG_WARN_STRICT_PROTOTYPES = YES;
				CLANG_WARN_SUSPICIOUS_MOVE = YES;
				CLANG_WARN_UNGUARDED_AVAILABILITY = YES_AGGRESSIVE;
				CLANG_WARN_UNREACHABLE_CODE = YES;
				CLANG_WARN__DUPLICATE_METHOD_MATCH = YES;
				COPY_PHASE_STRIP = NO;
				DEBUG_INFORMATION_FORMAT = "dwarf-with-dsym";
				ENABLE_NS_ASSERTIONS = NO;
				ENABLE_STRICT_OBJC_MSGSEND = YES;
				ENABLE_USER_SCRIPT_SANDBOXING = YES;
				GCC_C_LANGUAGE_STANDARD = gnu17;
				GCC_NO_COMMON_BLOCKS = YES;
				GCC_WARN_64_TO_32_BIT_CONVERSION = YES;
				GCC_WARN_ABOUT_RETURN_TYPE = YES_ERROR;
				GCC_WARN_UNDECLARED_SELECTOR = YES;
				GCC_WARN_UNINITIALIZED_AUTOS = YES_AGGRESSIVE;
				GCC_WARN_UNUSED_FUNCTION = YES;
				GCC_WARN_UNUSED_VARIABLE = YES;
				IPHONEOS_DEPLOYMENT_TARGET = 17.5;
				LOCALIZATION_PREFERS_STRING_CATALOGS = YES;
				MTL_ENABLE_DEBUG_INFO = NO;
				MTL_FAST_MATH = YES;
				SDKROOT = iphoneos;
				SWIFT_COMPILATION_MODE = wholemodule;
				VALIDATE_PRODUCT = YES;
			};
			name = Release;
		};
		CD7CF0322CC0587200107079 /* Debug */ = {
			isa = XCBuildConfiguration;
			buildSettings = {
				ALWAYS_EMBED_SWIFT_STANDARD_LIBRARIES = YES;
				ASSETCATALOG_COMPILER_APPICON_NAME = AppIcon;
				ASSETCATALOG_COMPILER_GLOBAL_ACCENT_COLOR_NAME = AccentColor;
				CODE_SIGN_STYLE = Automatic;
				CURRENT_PROJECT_VERSION = 1;
				DEVELOPMENT_ASSET_PATHS = "\"Hear2There/Preview Content\"";
				DEVELOPMENT_TEAM = P3D6MYUY49;
				ENABLE_PREVIEWS = YES;
				GENERATE_INFOPLIST_FILE = YES;
				INFOPLIST_KEY_NSBluetoothAlwaysUsageDescription = "We use Bluetooth To Detect Beacons";
				INFOPLIST_KEY_UIApplicationSceneManifest_Generation = YES;
				INFOPLIST_KEY_UIApplicationSupportsIndirectInputEvents = YES;
				INFOPLIST_KEY_UILaunchScreen_Generation = YES;
				INFOPLIST_KEY_UISupportedInterfaceOrientations_iPad = "UIInterfaceOrientationPortrait UIInterfaceOrientationPortraitUpsideDown UIInterfaceOrientationLandscapeLeft UIInterfaceOrientationLandscapeRight";
				INFOPLIST_KEY_UISupportedInterfaceOrientations_iPhone = "UIInterfaceOrientationPortrait UIInterfaceOrientationLandscapeLeft UIInterfaceOrientationLandscapeRight";
				LD_RUNPATH_SEARCH_PATHS = (
					"$(inherited)",
					"@executable_path/Frameworks",
				);
				MARKETING_VERSION = 1.0;
				PRODUCT_BUNDLE_IDENTIFIER = com.foresightar.Hear2There;
				PRODUCT_NAME = "$(TARGET_NAME)";
				SWIFT_EMIT_LOC_STRINGS = YES;
				SWIFT_VERSION = 5.0;
				TARGETED_DEVICE_FAMILY = "1,2";
			};
			name = Debug;
		};
		CD7CF0332CC0587200107079 /* Release */ = {
			isa = XCBuildConfiguration;
			buildSettings = {
				ALWAYS_EMBED_SWIFT_STANDARD_LIBRARIES = YES;
				ASSETCATALOG_COMPILER_APPICON_NAME = AppIcon;
				ASSETCATALOG_COMPILER_GLOBAL_ACCENT_COLOR_NAME = AccentColor;
				CODE_SIGN_STYLE = Automatic;
				CURRENT_PROJECT_VERSION = 1;
				DEVELOPMENT_ASSET_PATHS = "\"Hear2There/Preview Content\"";
				DEVELOPMENT_TEAM = P3D6MYUY49;
				ENABLE_PREVIEWS = YES;
				GENERATE_INFOPLIST_FILE = YES;
				INFOPLIST_KEY_NSBluetoothAlwaysUsageDescription = "We use Bluetooth To Detect Beacons";
				INFOPLIST_KEY_UIApplicationSceneManifest_Generation = YES;
				INFOPLIST_KEY_UIApplicationSupportsIndirectInputEvents = YES;
				INFOPLIST_KEY_UILaunchScreen_Generation = YES;
				INFOPLIST_KEY_UISupportedInterfaceOrientations_iPad = "UIInterfaceOrientationPortrait UIInterfaceOrientationPortraitUpsideDown UIInterfaceOrientationLandscapeLeft UIInterfaceOrientationLandscapeRight";
				INFOPLIST_KEY_UISupportedInterfaceOrientations_iPhone = "UIInterfaceOrientationPortrait UIInterfaceOrientationLandscapeLeft UIInterfaceOrientationLandscapeRight";
				LD_RUNPATH_SEARCH_PATHS = (
					"$(inherited)",
					"@executable_path/Frameworks",
				);
				MARKETING_VERSION = 1.0;
				PRODUCT_BUNDLE_IDENTIFIER = com.foresightar.Hear2There;
				PRODUCT_NAME = "$(TARGET_NAME)";
				SWIFT_EMIT_LOC_STRINGS = YES;
				SWIFT_VERSION = 5.0;
				TARGETED_DEVICE_FAMILY = "1,2";
			};
			name = Release;
		};
		CD7CF0352CC0587200107079 /* Debug */ = {
			isa = XCBuildConfiguration;
			buildSettings = {
				ALWAYS_EMBED_SWIFT_STANDARD_LIBRARIES = YES;
				BUNDLE_LOADER = "$(TEST_HOST)";
				CODE_SIGN_STYLE = Automatic;
				CURRENT_PROJECT_VERSION = 1;
				GENERATE_INFOPLIST_FILE = YES;
				IPHONEOS_DEPLOYMENT_TARGET = 17.5;
				MARKETING_VERSION = 1.0;
				PRODUCT_BUNDLE_IDENTIFIER = com.foresightar.Hear2ThereTests;
				PRODUCT_NAME = "$(TARGET_NAME)";
				SWIFT_EMIT_LOC_STRINGS = NO;
				SWIFT_VERSION = 5.0;
				TARGETED_DEVICE_FAMILY = "1,2";
				TEST_HOST = "$(BUILT_PRODUCTS_DIR)/Hear2There.app/$(BUNDLE_EXECUTABLE_FOLDER_PATH)/Hear2There";
			};
			name = Debug;
		};
		CD7CF0362CC0587200107079 /* Release */ = {
			isa = XCBuildConfiguration;
			buildSettings = {
				ALWAYS_EMBED_SWIFT_STANDARD_LIBRARIES = YES;
				BUNDLE_LOADER = "$(TEST_HOST)";
				CODE_SIGN_STYLE = Automatic;
				CURRENT_PROJECT_VERSION = 1;
				GENERATE_INFOPLIST_FILE = YES;
				IPHONEOS_DEPLOYMENT_TARGET = 17.5;
				MARKETING_VERSION = 1.0;
				PRODUCT_BUNDLE_IDENTIFIER = com.foresightar.Hear2ThereTests;
				PRODUCT_NAME = "$(TARGET_NAME)";
				SWIFT_EMIT_LOC_STRINGS = NO;
				SWIFT_VERSION = 5.0;
				TARGETED_DEVICE_FAMILY = "1,2";
				TEST_HOST = "$(BUILT_PRODUCTS_DIR)/Hear2There.app/$(BUNDLE_EXECUTABLE_FOLDER_PATH)/Hear2There";
			};
			name = Release;
		};
		CD7CF0382CC0587200107079 /* Debug */ = {
			isa = XCBuildConfiguration;
			buildSettings = {
				ALWAYS_EMBED_SWIFT_STANDARD_LIBRARIES = YES;
				CODE_SIGN_STYLE = Automatic;
				CURRENT_PROJECT_VERSION = 1;
				GENERATE_INFOPLIST_FILE = YES;
				MARKETING_VERSION = 1.0;
				PRODUCT_BUNDLE_IDENTIFIER = com.foresightar.Hear2ThereUITests;
				PRODUCT_NAME = "$(TARGET_NAME)";
				SWIFT_EMIT_LOC_STRINGS = NO;
				SWIFT_VERSION = 5.0;
				TARGETED_DEVICE_FAMILY = "1,2";
				TEST_TARGET_NAME = Hear2There;
			};
			name = Debug;
		};
		CD7CF0392CC0587200107079 /* Release */ = {
			isa = XCBuildConfiguration;
			buildSettings = {
				ALWAYS_EMBED_SWIFT_STANDARD_LIBRARIES = YES;
				CODE_SIGN_STYLE = Automatic;
				CURRENT_PROJECT_VERSION = 1;
				GENERATE_INFOPLIST_FILE = YES;
				MARKETING_VERSION = 1.0;
				PRODUCT_BUNDLE_IDENTIFIER = com.foresightar.Hear2ThereUITests;
				PRODUCT_NAME = "$(TARGET_NAME)";
				SWIFT_EMIT_LOC_STRINGS = NO;
				SWIFT_VERSION = 5.0;
				TARGETED_DEVICE_FAMILY = "1,2";
				TEST_TARGET_NAME = Hear2There;
			};
			name = Release;
		};
		CD7CF0482CC0589E00107079 /* Debug */ = {
			isa = XCBuildConfiguration;
			buildSettings = {
				BUILD_LIBRARY_FOR_DISTRIBUTION = YES;
				CODE_SIGN_STYLE = Automatic;
				CURRENT_PROJECT_VERSION = 1;
				DEFINES_MODULE = YES;
				DYLIB_COMPATIBILITY_VERSION = 1;
				DYLIB_CURRENT_VERSION = 1;
				DYLIB_INSTALL_NAME_BASE = "@rpath";
				ENABLE_MODULE_VERIFIER = YES;
				GENERATE_INFOPLIST_FILE = YES;
				INFOPLIST_KEY_NSHumanReadableCopyright = "";
				INSTALL_PATH = "$(LOCAL_LIBRARY_DIR)/Frameworks";
				LD_RUNPATH_SEARCH_PATHS = (
					"$(inherited)",
					"@executable_path/Frameworks",
					"@loader_path/Frameworks",
				);
				MARKETING_VERSION = 1.0;
				MODULE_VERIFIER_SUPPORTED_LANGUAGES = "objective-c objective-c++";
				MODULE_VERIFIER_SUPPORTED_LANGUAGE_STANDARDS = "gnu17 gnu++20";
				PRODUCT_BUNDLE_IDENTIFIER = com.foresightar.Hear2ThereSDK;
				PRODUCT_NAME = "$(TARGET_NAME:c99extidentifier)";
				SKIP_INSTALL = YES;
				SWIFT_EMIT_LOC_STRINGS = YES;
				SWIFT_INSTALL_OBJC_HEADER = NO;
				SWIFT_VERSION = 5.0;
				TARGETED_DEVICE_FAMILY = "1,2";
				VERSIONING_SYSTEM = "apple-generic";
				VERSION_INFO_PREFIX = "";
			};
			name = Debug;
		};
		CD7CF0492CC0589E00107079 /* Release */ = {
			isa = XCBuildConfiguration;
			buildSettings = {
				BUILD_LIBRARY_FOR_DISTRIBUTION = YES;
				CODE_SIGN_STYLE = Automatic;
				CURRENT_PROJECT_VERSION = 1;
				DEFINES_MODULE = YES;
				DYLIB_COMPATIBILITY_VERSION = 1;
				DYLIB_CURRENT_VERSION = 1;
				DYLIB_INSTALL_NAME_BASE = "@rpath";
				ENABLE_MODULE_VERIFIER = YES;
				GENERATE_INFOPLIST_FILE = YES;
				INFOPLIST_KEY_NSHumanReadableCopyright = "";
				INSTALL_PATH = "$(LOCAL_LIBRARY_DIR)/Frameworks";
				LD_RUNPATH_SEARCH_PATHS = (
					"$(inherited)",
					"@executable_path/Frameworks",
					"@loader_path/Frameworks",
				);
				MARKETING_VERSION = 1.0;
				MODULE_VERIFIER_SUPPORTED_LANGUAGES = "objective-c objective-c++";
				MODULE_VERIFIER_SUPPORTED_LANGUAGE_STANDARDS = "gnu17 gnu++20";
				PRODUCT_BUNDLE_IDENTIFIER = com.foresightar.Hear2ThereSDK;
				PRODUCT_NAME = "$(TARGET_NAME:c99extidentifier)";
				SKIP_INSTALL = YES;
				SWIFT_EMIT_LOC_STRINGS = YES;
				SWIFT_INSTALL_OBJC_HEADER = NO;
				SWIFT_VERSION = 5.0;
				TARGETED_DEVICE_FAMILY = "1,2";
				VERSIONING_SYSTEM = "apple-generic";
				VERSION_INFO_PREFIX = "";
			};
			name = Release;
		};
		CD7CF0D72CC0599400107079 /* Debug */ = {
			isa = XCBuildConfiguration;
			buildSettings = {
				BUILD_LIBRARY_FOR_DISTRIBUTION = YES;
				CLANG_ENABLE_MODULES = YES;
				CODE_SIGN_STYLE = Automatic;
				CURRENT_PROJECT_VERSION = 1;
				DEFINES_MODULE = YES;
				DEVELOPMENT_TEAM = P3D6MYUY49;
				DYLIB_COMPATIBILITY_VERSION = 1;
				DYLIB_CURRENT_VERSION = 1;
				DYLIB_INSTALL_NAME_BASE = "@rpath";
				ENABLE_MODULE_VERIFIER = YES;
				GENERATE_INFOPLIST_FILE = YES;
				INFOPLIST_KEY_NSHumanReadableCopyright = "";
				INSTALL_PATH = "$(LOCAL_LIBRARY_DIR)/Frameworks";
				LD_RUNPATH_SEARCH_PATHS = (
					"$(inherited)",
					"@executable_path/Frameworks",
					"@loader_path/Frameworks",
				);
				MARKETING_VERSION = 1.0;
				MODULE_VERIFIER_SUPPORTED_LANGUAGES = "objective-c objective-c++";
				MODULE_VERIFIER_SUPPORTED_LANGUAGE_STANDARDS = "gnu17 gnu++20";
				PRODUCT_BUNDLE_IDENTIFIER = com.foresightar.EddystoneSDK;
				PRODUCT_NAME = "$(TARGET_NAME:c99extidentifier)";
				SKIP_INSTALL = YES;
				SWIFT_EMIT_LOC_STRINGS = YES;
				SWIFT_INSTALL_OBJC_HEADER = NO;
				SWIFT_OPTIMIZATION_LEVEL = "-Onone";
				SWIFT_VERSION = 5.0;
				TARGETED_DEVICE_FAMILY = "1,2";
				VERSIONING_SYSTEM = "apple-generic";
				VERSION_INFO_PREFIX = "";
			};
			name = Debug;
		};
		CD7CF0D82CC0599400107079 /* Release */ = {
			isa = XCBuildConfiguration;
			buildSettings = {
				BUILD_LIBRARY_FOR_DISTRIBUTION = YES;
				CLANG_ENABLE_MODULES = YES;
				CODE_SIGN_STYLE = Automatic;
				CURRENT_PROJECT_VERSION = 1;
				DEFINES_MODULE = YES;
				DEVELOPMENT_TEAM = P3D6MYUY49;
				DYLIB_COMPATIBILITY_VERSION = 1;
				DYLIB_CURRENT_VERSION = 1;
				DYLIB_INSTALL_NAME_BASE = "@rpath";
				ENABLE_MODULE_VERIFIER = YES;
				GENERATE_INFOPLIST_FILE = YES;
				INFOPLIST_KEY_NSHumanReadableCopyright = "";
				INSTALL_PATH = "$(LOCAL_LIBRARY_DIR)/Frameworks";
				LD_RUNPATH_SEARCH_PATHS = (
					"$(inherited)",
					"@executable_path/Frameworks",
					"@loader_path/Frameworks",
				);
				MARKETING_VERSION = 1.0;
				MODULE_VERIFIER_SUPPORTED_LANGUAGES = "objective-c objective-c++";
				MODULE_VERIFIER_SUPPORTED_LANGUAGE_STANDARDS = "gnu17 gnu++20";
				PRODUCT_BUNDLE_IDENTIFIER = com.foresightar.EddystoneSDK;
				PRODUCT_NAME = "$(TARGET_NAME:c99extidentifier)";
				SKIP_INSTALL = YES;
				SWIFT_EMIT_LOC_STRINGS = YES;
				SWIFT_INSTALL_OBJC_HEADER = NO;
				SWIFT_VERSION = 5.0;
				TARGETED_DEVICE_FAMILY = "1,2";
				VERSIONING_SYSTEM = "apple-generic";
				VERSION_INFO_PREFIX = "";
			};
			name = Release;
		};
/* End XCBuildConfiguration section */

/* Begin XCConfigurationList section */
		CD7CF0082CC0587200107079 /* Build configuration list for PBXProject "Hear2There" */ = {
			isa = XCConfigurationList;
			buildConfigurations = (
				CD7CF02F2CC0587200107079 /* Debug */,
				CD7CF0302CC0587200107079 /* Release */,
			);
			defaultConfigurationIsVisible = 0;
			defaultConfigurationName = Release;
		};
		CD7CF0312CC0587200107079 /* Build configuration list for PBXNativeTarget "Hear2There" */ = {
			isa = XCConfigurationList;
			buildConfigurations = (
				CD7CF0322CC0587200107079 /* Debug */,
				CD7CF0332CC0587200107079 /* Release */,
			);
			defaultConfigurationIsVisible = 0;
			defaultConfigurationName = Release;
		};
		CD7CF0342CC0587200107079 /* Build configuration list for PBXNativeTarget "Hear2ThereTests" */ = {
			isa = XCConfigurationList;
			buildConfigurations = (
				CD7CF0352CC0587200107079 /* Debug */,
				CD7CF0362CC0587200107079 /* Release */,
			);
			defaultConfigurationIsVisible = 0;
			defaultConfigurationName = Release;
		};
		CD7CF0372CC0587200107079 /* Build configuration list for PBXNativeTarget "Hear2ThereUITests" */ = {
			isa = XCConfigurationList;
			buildConfigurations = (
				CD7CF0382CC0587200107079 /* Debug */,
				CD7CF0392CC0587200107079 /* Release */,
			);
			defaultConfigurationIsVisible = 0;
			defaultConfigurationName = Release;
		};
		CD7CF0472CC0589E00107079 /* Build configuration list for PBXNativeTarget "Hear2ThereSDK" */ = {
			isa = XCConfigurationList;
			buildConfigurations = (
				CD7CF0482CC0589E00107079 /* Debug */,
				CD7CF0492CC0589E00107079 /* Release */,
			);
			defaultConfigurationIsVisible = 0;
			defaultConfigurationName = Release;
		};
		CD7CF0D62CC0599400107079 /* Build configuration list for PBXNativeTarget "EddystoneSDK" */ = {
			isa = XCConfigurationList;
			buildConfigurations = (
				CD7CF0D72CC0599400107079 /* Debug */,
				CD7CF0D82CC0599400107079 /* Release */,
			);
			defaultConfigurationIsVisible = 0;
			defaultConfigurationName = Release;
		};
/* End XCConfigurationList section */
	};
	rootObject = CD7CF0052CC0587200107079 /* Project object */;
}
